// !$*UTF8*$!
{
	archiveVersion = 1;
	classes = {
	};
	objectVersion = 56;
	objects = {

/* Begin PBXBuildFile section */
		3F07128E2AE11D2800B98A82 /* AppDelegate.swift in Sources */ = {isa = PBXBuildFile; fileRef = 3F07128D2AE11D2800B98A82 /* AppDelegate.swift */; };
		3F0712902AE11D2800B98A82 /* SceneDelegate.swift in Sources */ = {isa = PBXBuildFile; fileRef = 3F07128F2AE11D2800B98A82 /* SceneDelegate.swift */; };
		3F0712922AE11D2800B98A82 /* ViewController.swift in Sources */ = {isa = PBXBuildFile; fileRef = 3F0712912AE11D2800B98A82 /* ViewController.swift */; };
		3F0712972AE11D2B00B98A82 /* Assets.xcassets in Resources */ = {isa = PBXBuildFile; fileRef = 3F0712962AE11D2B00B98A82 /* Assets.xcassets */; };
		3F07129A2AE11D2B00B98A82 /* LaunchScreen.storyboard in Resources */ = {isa = PBXBuildFile; fileRef = 3F0712982AE11D2B00B98A82 /* LaunchScreen.storyboard */; };
		3F0712A22AE69C0200B98A82 /* ColorGenerator.swift in Sources */ = {isa = PBXBuildFile; fileRef = 3F0712A12AE69C0200B98A82 /* ColorGenerator.swift */; };
		3F0712A92AEAA5EE00B98A82 /* Assembly.swift in Sources */ = {isa = PBXBuildFile; fileRef = 3F0712A82AEAA5EE00B98A82 /* Assembly.swift */; };
		3F0712B12AED053900B98A82 /* FirstHomework.swift in Sources */ = {isa = PBXBuildFile; fileRef = 3F0712B02AED053900B98A82 /* FirstHomework.swift */; };
		3F0712B72AF9194000B98A82 /* AppCoordinator.swift in Sources */ = {isa = PBXBuildFile; fileRef = 3F0712B62AF9194000B98A82 /* AppCoordinator.swift */; };
		3F0712B92AF9197B00B98A82 /* BaseCoordinator.swift in Sources */ = {isa = PBXBuildFile; fileRef = 3F0712B82AF9197B00B98A82 /* BaseCoordinator.swift */; };
		3F0712BE2AF922E100B98A82 /* AuthViewController.swift in Sources */ = {isa = PBXBuildFile; fileRef = 3F0712BD2AF922E100B98A82 /* AuthViewController.swift */; };
		3F0712C02AF9230E00B98A82 /* AuthView.swift in Sources */ = {isa = PBXBuildFile; fileRef = 3F0712BF2AF9230E00B98A82 /* AuthView.swift */; };
		3F0712C22AF9242B00B98A82 /* AuthViewData.swift in Sources */ = {isa = PBXBuildFile; fileRef = 3F0712C12AF9242B00B98A82 /* AuthViewData.swift */; };
		3F0712C42AF9245700B98A82 /* AuthDataProvider.swift in Sources */ = {isa = PBXBuildFile; fileRef = 3F0712C32AF9245700B98A82 /* AuthDataProvider.swift */; };
		3F0712C62AF9249500B98A82 /* AuthAssembly.swift in Sources */ = {isa = PBXBuildFile; fileRef = 3F0712C52AF9249500B98A82 /* AuthAssembly.swift */; };
		3F0712C82AF9261600B98A82 /* AuthCoordinator.swift in Sources */ = {isa = PBXBuildFile; fileRef = 3F0712C72AF9261600B98A82 /* AuthCoordinator.swift */; };
		3F0712CB2AFD12BE00B98A82 /* SplashDataProvider.swift in Sources */ = {isa = PBXBuildFile; fileRef = 3F0712CA2AFD12BE00B98A82 /* SplashDataProvider.swift */; };
		3F0712CD2AFD12FA00B98A82 /* SplashViewData.swift in Sources */ = {isa = PBXBuildFile; fileRef = 3F0712CC2AFD12FA00B98A82 /* SplashViewData.swift */; };
		3F0712CF2AFD131D00B98A82 /* SplashView.swift in Sources */ = {isa = PBXBuildFile; fileRef = 3F0712CE2AFD131D00B98A82 /* SplashView.swift */; };
		3F0712D12AFD138000B98A82 /* SplashViewController.swift in Sources */ = {isa = PBXBuildFile; fileRef = 3F0712D02AFD138000B98A82 /* SplashViewController.swift */; };
		3F0712D32AFD141B00B98A82 /* SplashCoordinator.swift in Sources */ = {isa = PBXBuildFile; fileRef = 3F0712D22AFD141B00B98A82 /* SplashCoordinator.swift */; };
		3F0712D52AFD147200B98A82 /* SplashAssembly.swift in Sources */ = {isa = PBXBuildFile; fileRef = 3F0712D42AFD147200B98A82 /* SplashAssembly.swift */; };
		3F0712D82AFE398500B98A82 /* RegistrationView.swift in Sources */ = {isa = PBXBuildFile; fileRef = 3F0712D72AFE398500B98A82 /* RegistrationView.swift */; };
		3F0712DA2AFE3A2B00B98A82 /* RegistrationAssembly.swift in Sources */ = {isa = PBXBuildFile; fileRef = 3F0712D92AFE3A2B00B98A82 /* RegistrationAssembly.swift */; };
		3F0712DC2AFE3C2F00B98A82 /* RegistrationCoordinator.swift in Sources */ = {isa = PBXBuildFile; fileRef = 3F0712DB2AFE3C2F00B98A82 /* RegistrationCoordinator.swift */; };
		3F0712DE2AFE3D6C00B98A82 /* RegistrationViewController.swift in Sources */ = {isa = PBXBuildFile; fileRef = 3F0712DD2AFE3D6C00B98A82 /* RegistrationViewController.swift */; };
		3F0712E02AFE3F7200B98A82 /* RegistrationViewData.swift in Sources */ = {isa = PBXBuildFile; fileRef = 3F0712DF2AFE3F7200B98A82 /* RegistrationViewData.swift */; };
		3F0712E22AFE3FB000B98A82 /* RegistrationDataProvider.swift in Sources */ = {isa = PBXBuildFile; fileRef = 3F0712E12AFE3FB000B98A82 /* RegistrationDataProvider.swift */; };
		3F0712E72B0259C700B98A82 /* LocationsList.swift in Sources */ = {isa = PBXBuildFile; fileRef = 3F0712E62B0259C700B98A82 /* LocationsList.swift */; };
		3F0712E92B025A4400B98A82 /* TokenResponse.swift in Sources */ = {isa = PBXBuildFile; fileRef = 3F0712E82B025A4400B98A82 /* TokenResponse.swift */; };
		3F0712EE2B025B0E00B98A82 /* ApiClient.swift in Sources */ = {isa = PBXBuildFile; fileRef = 3F0712ED2B025B0E00B98A82 /* ApiClient.swift */; };
		3F0712F02B025B6400B98A82 /* NetworkConstants.swift in Sources */ = {isa = PBXBuildFile; fileRef = 3F0712EF2B025B6400B98A82 /* NetworkConstants.swift */; };
		3F0712F22B025CB700B98A82 /* ApiError.swift in Sources */ = {isa = PBXBuildFile; fileRef = 3F0712F12B025CB700B98A82 /* ApiError.swift */; };
		3F0712F42B02601900B98A82 /* AuthApiClient.swift in Sources */ = {isa = PBXBuildFile; fileRef = 3F0712F32B02601900B98A82 /* AuthApiClient.swift */; };
/* End PBXBuildFile section */

/* Begin PBXFileReference section */
		3F07128A2AE11D2800B98A82 /* iosSchool_HH.app */ = {isa = PBXFileReference; explicitFileType = wrapper.application; includeInIndex = 0; path = iosSchool_HH.app; sourceTree = BUILT_PRODUCTS_DIR; };
		3F07128D2AE11D2800B98A82 /* AppDelegate.swift */ = {isa = PBXFileReference; lastKnownFileType = sourcecode.swift; path = AppDelegate.swift; sourceTree = "<group>"; };
		3F07128F2AE11D2800B98A82 /* SceneDelegate.swift */ = {isa = PBXFileReference; lastKnownFileType = sourcecode.swift; path = SceneDelegate.swift; sourceTree = "<group>"; };
		3F0712912AE11D2800B98A82 /* ViewController.swift */ = {isa = PBXFileReference; lastKnownFileType = sourcecode.swift; path = ViewController.swift; sourceTree = "<group>"; };
		3F0712962AE11D2B00B98A82 /* Assets.xcassets */ = {isa = PBXFileReference; lastKnownFileType = folder.assetcatalog; path = Assets.xcassets; sourceTree = "<group>"; };
		3F0712992AE11D2B00B98A82 /* Base */ = {isa = PBXFileReference; lastKnownFileType = file.storyboard; name = Base; path = Base.lproj/LaunchScreen.storyboard; sourceTree = "<group>"; };
		3F07129B2AE11D2B00B98A82 /* Info.plist */ = {isa = PBXFileReference; lastKnownFileType = text.plist.xml; path = Info.plist; sourceTree = "<group>"; };
		3F0712A12AE69C0200B98A82 /* ColorGenerator.swift */ = {isa = PBXFileReference; lastKnownFileType = sourcecode.swift; path = ColorGenerator.swift; sourceTree = "<group>"; };
		3F0712A82AEAA5EE00B98A82 /* Assembly.swift */ = {isa = PBXFileReference; lastKnownFileType = sourcecode.swift; path = Assembly.swift; sourceTree = "<group>"; };
		3F0712B02AED053900B98A82 /* FirstHomework.swift */ = {isa = PBXFileReference; lastKnownFileType = sourcecode.swift; path = FirstHomework.swift; sourceTree = "<group>"; };
		3F0712B62AF9194000B98A82 /* AppCoordinator.swift */ = {isa = PBXFileReference; lastKnownFileType = sourcecode.swift; path = AppCoordinator.swift; sourceTree = "<group>"; };
		3F0712B82AF9197B00B98A82 /* BaseCoordinator.swift */ = {isa = PBXFileReference; lastKnownFileType = sourcecode.swift; path = BaseCoordinator.swift; sourceTree = "<group>"; };
		3F0712BD2AF922E100B98A82 /* AuthViewController.swift */ = {isa = PBXFileReference; lastKnownFileType = sourcecode.swift; path = AuthViewController.swift; sourceTree = "<group>"; };
		3F0712BF2AF9230E00B98A82 /* AuthView.swift */ = {isa = PBXFileReference; lastKnownFileType = sourcecode.swift; path = AuthView.swift; sourceTree = "<group>"; };
		3F0712C12AF9242B00B98A82 /* AuthViewData.swift */ = {isa = PBXFileReference; lastKnownFileType = sourcecode.swift; path = AuthViewData.swift; sourceTree = "<group>"; };
		3F0712C32AF9245700B98A82 /* AuthDataProvider.swift */ = {isa = PBXFileReference; lastKnownFileType = sourcecode.swift; path = AuthDataProvider.swift; sourceTree = "<group>"; };
		3F0712C52AF9249500B98A82 /* AuthAssembly.swift */ = {isa = PBXFileReference; lastKnownFileType = sourcecode.swift; path = AuthAssembly.swift; sourceTree = "<group>"; };
		3F0712C72AF9261600B98A82 /* AuthCoordinator.swift */ = {isa = PBXFileReference; lastKnownFileType = sourcecode.swift; path = AuthCoordinator.swift; sourceTree = "<group>"; };
		3F0712CA2AFD12BE00B98A82 /* SplashDataProvider.swift */ = {isa = PBXFileReference; lastKnownFileType = sourcecode.swift; path = SplashDataProvider.swift; sourceTree = "<group>"; };
		3F0712CC2AFD12FA00B98A82 /* SplashViewData.swift */ = {isa = PBXFileReference; lastKnownFileType = sourcecode.swift; path = SplashViewData.swift; sourceTree = "<group>"; };
		3F0712CE2AFD131D00B98A82 /* SplashView.swift */ = {isa = PBXFileReference; lastKnownFileType = sourcecode.swift; path = SplashView.swift; sourceTree = "<group>"; };
		3F0712D02AFD138000B98A82 /* SplashViewController.swift */ = {isa = PBXFileReference; lastKnownFileType = sourcecode.swift; path = SplashViewController.swift; sourceTree = "<group>"; };
		3F0712D22AFD141B00B98A82 /* SplashCoordinator.swift */ = {isa = PBXFileReference; lastKnownFileType = sourcecode.swift; path = SplashCoordinator.swift; sourceTree = "<group>"; };
		3F0712D42AFD147200B98A82 /* SplashAssembly.swift */ = {isa = PBXFileReference; lastKnownFileType = sourcecode.swift; path = SplashAssembly.swift; sourceTree = "<group>"; };
		3F0712D72AFE398500B98A82 /* RegistrationView.swift */ = {isa = PBXFileReference; lastKnownFileType = sourcecode.swift; path = RegistrationView.swift; sourceTree = "<group>"; };
		3F0712D92AFE3A2B00B98A82 /* RegistrationAssembly.swift */ = {isa = PBXFileReference; lastKnownFileType = sourcecode.swift; path = RegistrationAssembly.swift; sourceTree = "<group>"; };
		3F0712DB2AFE3C2F00B98A82 /* RegistrationCoordinator.swift */ = {isa = PBXFileReference; lastKnownFileType = sourcecode.swift; path = RegistrationCoordinator.swift; sourceTree = "<group>"; };
		3F0712DD2AFE3D6C00B98A82 /* RegistrationViewController.swift */ = {isa = PBXFileReference; lastKnownFileType = sourcecode.swift; path = RegistrationViewController.swift; sourceTree = "<group>"; };
		3F0712DF2AFE3F7200B98A82 /* RegistrationViewData.swift */ = {isa = PBXFileReference; lastKnownFileType = sourcecode.swift; path = RegistrationViewData.swift; sourceTree = "<group>"; };
		3F0712E12AFE3FB000B98A82 /* RegistrationDataProvider.swift */ = {isa = PBXFileReference; lastKnownFileType = sourcecode.swift; path = RegistrationDataProvider.swift; sourceTree = "<group>"; };
		3F0712E62B0259C700B98A82 /* LocationsList.swift */ = {isa = PBXFileReference; lastKnownFileType = sourcecode.swift; path = LocationsList.swift; sourceTree = "<group>"; };
		3F0712E82B025A4400B98A82 /* TokenResponse.swift */ = {isa = PBXFileReference; lastKnownFileType = sourcecode.swift; path = TokenResponse.swift; sourceTree = "<group>"; };
		3F0712ED2B025B0E00B98A82 /* ApiClient.swift */ = {isa = PBXFileReference; fileEncoding = 4; lastKnownFileType = sourcecode.swift; name = ApiClient.swift; path = ../../../../Downloads/ApiClient.swift; sourceTree = "<group>"; };
		3F0712EF2B025B6400B98A82 /* NetworkConstants.swift */ = {isa = PBXFileReference; lastKnownFileType = sourcecode.swift; path = NetworkConstants.swift; sourceTree = "<group>"; };
		3F0712F12B025CB700B98A82 /* ApiError.swift */ = {isa = PBXFileReference; lastKnownFileType = sourcecode.swift; path = ApiError.swift; sourceTree = "<group>"; };
		3F0712F32B02601900B98A82 /* AuthApiClient.swift */ = {isa = PBXFileReference; lastKnownFileType = sourcecode.swift; path = AuthApiClient.swift; sourceTree = "<group>"; };
/* End PBXFileReference section */

/* Begin PBXFrameworksBuildPhase section */
		3F0712872AE11D2800B98A82 /* Frameworks */ = {
			isa = PBXFrameworksBuildPhase;
			buildActionMask = 2147483647;
			files = (
			);
			runOnlyForDeploymentPostprocessing = 0;
		};
/* End PBXFrameworksBuildPhase section */

/* Begin PBXGroup section */
		3F0712812AE11D2700B98A82 = {
			isa = PBXGroup;
			children = (
				3F07128C2AE11D2800B98A82 /* iosSchool_HH */,
				3F07128B2AE11D2800B98A82 /* Products */,
			);
			sourceTree = "<group>";
		};
		3F07128B2AE11D2800B98A82 /* Products */ = {
			isa = PBXGroup;
			children = (
				3F07128A2AE11D2800B98A82 /* iosSchool_HH.app */,
			);
			name = Products;
			sourceTree = "<group>";
		};
		3F07128C2AE11D2800B98A82 /* iosSchool_HH */ = {
			isa = PBXGroup;
			children = (
				3F0712EA2B025AE300B98A82 /* ApiClient */,
				3F0712E32B02512300B98A82 /* Models */,
				3F0712BB2AF9224600B98A82 /* Modules */,
				3F07128D2AE11D2800B98A82 /* AppDelegate.swift */,
				3F07128F2AE11D2800B98A82 /* SceneDelegate.swift */,
				3F0712912AE11D2800B98A82 /* ViewController.swift */,
				3F0712962AE11D2B00B98A82 /* Assets.xcassets */,
				3F0712982AE11D2B00B98A82 /* LaunchScreen.storyboard */,
				3F07129B2AE11D2B00B98A82 /* Info.plist */,
				3F0712A12AE69C0200B98A82 /* ColorGenerator.swift */,
				3F0712A82AEAA5EE00B98A82 /* Assembly.swift */,
				3F0712B02AED053900B98A82 /* FirstHomework.swift */,
				3F0712B62AF9194000B98A82 /* AppCoordinator.swift */,
				3F0712B82AF9197B00B98A82 /* BaseCoordinator.swift */,
			);
			path = iosSchool_HH;
			sourceTree = "<group>";
		};
		3F0712BB2AF9224600B98A82 /* Modules */ = {
			isa = PBXGroup;
			children = (
				3F0712D62AFE393500B98A82 /* Registration */,
				3F0712C92AFD128C00B98A82 /* Splash */,
				3F0712BC2AF9225700B98A82 /* Auth */,
			);
			path = Modules;
			sourceTree = "<group>";
		};
		3F0712BC2AF9225700B98A82 /* Auth */ = {
			isa = PBXGroup;
			children = (
				3F0712BD2AF922E100B98A82 /* AuthViewController.swift */,
				3F0712BF2AF9230E00B98A82 /* AuthView.swift */,
				3F0712C12AF9242B00B98A82 /* AuthViewData.swift */,
				3F0712C32AF9245700B98A82 /* AuthDataProvider.swift */,
				3F0712C52AF9249500B98A82 /* AuthAssembly.swift */,
				3F0712C72AF9261600B98A82 /* AuthCoordinator.swift */,
			);
			path = Auth;
			sourceTree = "<group>";
		};
		3F0712C92AFD128C00B98A82 /* Splash */ = {
			isa = PBXGroup;
			children = (
				3F0712CA2AFD12BE00B98A82 /* SplashDataProvider.swift */,
				3F0712CC2AFD12FA00B98A82 /* SplashViewData.swift */,
				3F0712CE2AFD131D00B98A82 /* SplashView.swift */,
				3F0712D02AFD138000B98A82 /* SplashViewController.swift */,
				3F0712D22AFD141B00B98A82 /* SplashCoordinator.swift */,
				3F0712D42AFD147200B98A82 /* SplashAssembly.swift */,
			);
			path = Splash;
			sourceTree = "<group>";
		};
		3F0712D62AFE393500B98A82 /* Registration */ = {
			isa = PBXGroup;
			children = (
				3F0712D72AFE398500B98A82 /* RegistrationView.swift */,
				3F0712D92AFE3A2B00B98A82 /* RegistrationAssembly.swift */,
				3F0712DB2AFE3C2F00B98A82 /* RegistrationCoordinator.swift */,
				3F0712DD2AFE3D6C00B98A82 /* RegistrationViewController.swift */,
				3F0712DF2AFE3F7200B98A82 /* RegistrationViewData.swift */,
				3F0712E12AFE3FB000B98A82 /* RegistrationDataProvider.swift */,
			);
			path = Registration;
			sourceTree = "<group>";
		};
		3F0712E32B02512300B98A82 /* Models */ = {
			isa = PBXGroup;
			children = (
				3F0712E62B0259C700B98A82 /* LocationsList.swift */,
				3F0712E82B025A4400B98A82 /* TokenResponse.swift */,
			);
			path = Models;
			sourceTree = "<group>";
		};
		3F0712EA2B025AE300B98A82 /* ApiClient */ = {
			isa = PBXGroup;
			children = (
				3F0712ED2B025B0E00B98A82 /* ApiClient.swift */,
				3F0712EF2B025B6400B98A82 /* NetworkConstants.swift */,
				3F0712F12B025CB700B98A82 /* ApiError.swift */,
				3F0712F32B02601900B98A82 /* AuthApiClient.swift */,
			);
			path = ApiClient;
			sourceTree = "<group>";
		};
/* End PBXGroup section */

/* Begin PBXNativeTarget section */
		3F0712892AE11D2800B98A82 /* iosSchool_HH */ = {
			isa = PBXNativeTarget;
			buildConfigurationList = 3F07129E2AE11D2B00B98A82 /* Build configuration list for PBXNativeTarget "iosSchool_HH" */;
			buildPhases = (
				3F0712862AE11D2800B98A82 /* Sources */,
				3F0712872AE11D2800B98A82 /* Frameworks */,
				3F0712882AE11D2800B98A82 /* Resources */,
				3F0712A32AE6AB0F00B98A82 /* SwiftLint */,
			);
			buildRules = (
			);
			dependencies = (
			);
			name = iosSchool_HH;
			productName = iosSchool_HH;
			productReference = 3F07128A2AE11D2800B98A82 /* iosSchool_HH.app */;
			productType = "com.apple.product-type.application";
		};
/* End PBXNativeTarget section */

/* Begin PBXProject section */
		3F0712822AE11D2700B98A82 /* Project object */ = {
			isa = PBXProject;
			attributes = {
				BuildIndependentTargetsInParallel = 1;
				LastSwiftUpdateCheck = 1500;
				LastUpgradeCheck = 1500;
				TargetAttributes = {
					3F0712892AE11D2800B98A82 = {
						CreatedOnToolsVersion = 15.0;
					};
				};
			};
			buildConfigurationList = 3F0712852AE11D2700B98A82 /* Build configuration list for PBXProject "iosSchool_HH" */;
			compatibilityVersion = "Xcode 14.0";
			developmentRegion = en;
			hasScannedForEncodings = 0;
			knownRegions = (
				en,
				Base,
			);
			mainGroup = 3F0712812AE11D2700B98A82;
			productRefGroup = 3F07128B2AE11D2800B98A82 /* Products */;
			projectDirPath = "";
			projectRoot = "";
			targets = (
				3F0712892AE11D2800B98A82 /* iosSchool_HH */,
			);
		};
/* End PBXProject section */

/* Begin PBXResourcesBuildPhase section */
		3F0712882AE11D2800B98A82 /* Resources */ = {
			isa = PBXResourcesBuildPhase;
			buildActionMask = 2147483647;
			files = (
				3F07129A2AE11D2B00B98A82 /* LaunchScreen.storyboard in Resources */,
				3F0712972AE11D2B00B98A82 /* Assets.xcassets in Resources */,
			);
			runOnlyForDeploymentPostprocessing = 0;
		};
/* End PBXResourcesBuildPhase section */

/* Begin PBXShellScriptBuildPhase section */
		3F0712A32AE6AB0F00B98A82 /* SwiftLint */ = {
			isa = PBXShellScriptBuildPhase;
			buildActionMask = 2147483647;
			files = (
			);
			inputFileListPaths = (
			);
			inputPaths = (
			);
			name = SwiftLint;
			outputFileListPaths = (
			);
			outputPaths = (
			);
			runOnlyForDeploymentPostprocessing = 0;
			shellPath = /bin/sh;
			shellScript = "#export PATH=\"$PATH:/local/bin/swiftlint\"\nif which swiftlint > /dev/null; then\n  swiftlint\nelse\n  echo \"warning: SwiftLint not installed\"\nfi\n";
			showEnvVarsInLog = 0;
		};
/* End PBXShellScriptBuildPhase section */

/* Begin PBXSourcesBuildPhase section */
		3F0712862AE11D2800B98A82 /* Sources */ = {
			isa = PBXSourcesBuildPhase;
			buildActionMask = 2147483647;
			files = (
				3F0712B12AED053900B98A82 /* FirstHomework.swift in Sources */,
				3F0712922AE11D2800B98A82 /* ViewController.swift in Sources */,
				3F0712E92B025A4400B98A82 /* TokenResponse.swift in Sources */,
				3F0712CF2AFD131D00B98A82 /* SplashView.swift in Sources */,
				3F0712DC2AFE3C2F00B98A82 /* RegistrationCoordinator.swift in Sources */,
				3F0712D82AFE398500B98A82 /* RegistrationView.swift in Sources */,
				3F0712D12AFD138000B98A82 /* SplashViewController.swift in Sources */,
				3F0712A92AEAA5EE00B98A82 /* Assembly.swift in Sources */,
				3F0712DA2AFE3A2B00B98A82 /* RegistrationAssembly.swift in Sources */,
				3F0712D32AFD141B00B98A82 /* SplashCoordinator.swift in Sources */,
				3F0712B72AF9194000B98A82 /* AppCoordinator.swift in Sources */,
				3F0712C82AF9261600B98A82 /* AuthCoordinator.swift in Sources */,
				3F0712F02B025B6400B98A82 /* NetworkConstants.swift in Sources */,
				3F0712A22AE69C0200B98A82 /* ColorGenerator.swift in Sources */,
				3F07128E2AE11D2800B98A82 /* AppDelegate.swift in Sources */,
				3F0712C22AF9242B00B98A82 /* AuthViewData.swift in Sources */,
				3F0712C02AF9230E00B98A82 /* AuthView.swift in Sources */,
				3F0712C42AF9245700B98A82 /* AuthDataProvider.swift in Sources */,
				3F0712902AE11D2800B98A82 /* SceneDelegate.swift in Sources */,
				3F0712BE2AF922E100B98A82 /* AuthViewController.swift in Sources */,
				3F0712DE2AFE3D6C00B98A82 /* RegistrationViewController.swift in Sources */,
				3F0712B92AF9197B00B98A82 /* BaseCoordinator.swift in Sources */,
				3F0712E02AFE3F7200B98A82 /* RegistrationViewData.swift in Sources */,
				3F0712F22B025CB700B98A82 /* ApiError.swift in Sources */,
				3F0712E72B0259C700B98A82 /* LocationsList.swift in Sources */,
				3F0712F42B02601900B98A82 /* AuthApiClient.swift in Sources */,
				3F0712E22AFE3FB000B98A82 /* RegistrationDataProvider.swift in Sources */,
				3F0712C62AF9249500B98A82 /* AuthAssembly.swift in Sources */,
				3F0712CB2AFD12BE00B98A82 /* SplashDataProvider.swift in Sources */,
				3F0712D52AFD147200B98A82 /* SplashAssembly.swift in Sources */,
				3F0712CD2AFD12FA00B98A82 /* SplashViewData.swift in Sources */,
				3F0712EE2B025B0E00B98A82 /* ApiClient.swift in Sources */,
			);
			runOnlyForDeploymentPostprocessing = 0;
		};
/* End PBXSourcesBuildPhase section */

/* Begin PBXVariantGroup section */
		3F0712982AE11D2B00B98A82 /* LaunchScreen.storyboard */ = {
			isa = PBXVariantGroup;
			children = (
				3F0712992AE11D2B00B98A82 /* Base */,
			);
			name = LaunchScreen.storyboard;
			sourceTree = "<group>";
		};
/* End PBXVariantGroup section */

/* Begin XCBuildConfiguration section */
		3F07129C2AE11D2B00B98A82 /* Debug */ = {
			isa = XCBuildConfiguration;
			buildSettings = {
				ALWAYS_SEARCH_USER_PATHS = NO;
				ASSETCATALOG_COMPILER_GENERATE_SWIFT_ASSET_SYMBOL_EXTENSIONS = YES;
				CLANG_ANALYZER_NONNULL = YES;
				CLANG_ANALYZER_NUMBER_OBJECT_CONVERSION = YES_AGGRESSIVE;
				CLANG_CXX_LANGUAGE_STANDARD = "gnu++20";
				CLANG_ENABLE_MODULES = YES;
				CLANG_ENABLE_OBJC_ARC = YES;
				CLANG_ENABLE_OBJC_WEAK = YES;
				CLANG_WARN_BLOCK_CAPTURE_AUTORELEASING = YES;
				CLANG_WARN_BOOL_CONVERSION = YES;
				CLANG_WARN_COMMA = YES;
				CLANG_WARN_CONSTANT_CONVERSION = YES;
				CLANG_WARN_DEPRECATED_OBJC_IMPLEMENTATIONS = YES;
				CLANG_WARN_DIRECT_OBJC_ISA_USAGE = YES_ERROR;
				CLANG_WARN_DOCUMENTATION_COMMENTS = YES;
				CLANG_WARN_EMPTY_BODY = YES;
				CLANG_WARN_ENUM_CONVERSION = YES;
				CLANG_WARN_INFINITE_RECURSION = YES;
				CLANG_WARN_INT_CONVERSION = YES;
				CLANG_WARN_NON_LITERAL_NULL_CONVERSION = YES;
				CLANG_WARN_OBJC_IMPLICIT_RETAIN_SELF = YES;
				CLANG_WARN_OBJC_LITERAL_CONVERSION = YES;
				CLANG_WARN_OBJC_ROOT_CLASS = YES_ERROR;
				CLANG_WARN_QUOTED_INCLUDE_IN_FRAMEWORK_HEADER = YES;
				CLANG_WARN_RANGE_LOOP_ANALYSIS = YES;
				CLANG_WARN_STRICT_PROTOTYPES = YES;
				CLANG_WARN_SUSPICIOUS_MOVE = YES;
				CLANG_WARN_UNGUARDED_AVAILABILITY = YES_AGGRESSIVE;
				CLANG_WARN_UNREACHABLE_CODE = YES;
				CLANG_WARN__DUPLICATE_METHOD_MATCH = YES;
				COPY_PHASE_STRIP = NO;
				DEBUG_INFORMATION_FORMAT = dwarf;
				ENABLE_STRICT_OBJC_MSGSEND = YES;
				ENABLE_TESTABILITY = YES;
				ENABLE_USER_SCRIPT_SANDBOXING = YES;
				GCC_C_LANGUAGE_STANDARD = gnu17;
				GCC_DYNAMIC_NO_PIC = NO;
				GCC_NO_COMMON_BLOCKS = YES;
				GCC_OPTIMIZATION_LEVEL = 0;
				GCC_PREPROCESSOR_DEFINITIONS = (
					"DEBUG=1",
					"$(inherited)",
				);
				GCC_WARN_64_TO_32_BIT_CONVERSION = YES;
				GCC_WARN_ABOUT_RETURN_TYPE = YES_ERROR;
				GCC_WARN_UNDECLARED_SELECTOR = YES;
				GCC_WARN_UNINITIALIZED_AUTOS = YES_AGGRESSIVE;
				GCC_WARN_UNUSED_FUNCTION = YES;
				GCC_WARN_UNUSED_VARIABLE = YES;
				IPHONEOS_DEPLOYMENT_TARGET = 17.0;
				LOCALIZATION_PREFERS_STRING_CATALOGS = YES;
				MTL_ENABLE_DEBUG_INFO = INCLUDE_SOURCE;
				MTL_FAST_MATH = YES;
				ONLY_ACTIVE_ARCH = YES;
				SDKROOT = iphoneos;
				SWIFT_ACTIVE_COMPILATION_CONDITIONS = "DEBUG $(inherited)";
				SWIFT_OPTIMIZATION_LEVEL = "-Onone";
			};
			name = Debug;
		};
		3F07129D2AE11D2B00B98A82 /* Release */ = {
			isa = XCBuildConfiguration;
			buildSettings = {
				ALWAYS_SEARCH_USER_PATHS = NO;
				ASSETCATALOG_COMPILER_GENERATE_SWIFT_ASSET_SYMBOL_EXTENSIONS = YES;
				CLANG_ANALYZER_NONNULL = YES;
				CLANG_ANALYZER_NUMBER_OBJECT_CONVERSION = YES_AGGRESSIVE;
				CLANG_CXX_LANGUAGE_STANDARD = "gnu++20";
				CLANG_ENABLE_MODULES = YES;
				CLANG_ENABLE_OBJC_ARC = YES;
				CLANG_ENABLE_OBJC_WEAK = YES;
				CLANG_WARN_BLOCK_CAPTURE_AUTORELEASING = YES;
				CLANG_WARN_BOOL_CONVERSION = YES;
				CLANG_WARN_COMMA = YES;
				CLANG_WARN_CONSTANT_CONVERSION = YES;
				CLANG_WARN_DEPRECATED_OBJC_IMPLEMENTATIONS = YES;
				CLANG_WARN_DIRECT_OBJC_ISA_USAGE = YES_ERROR;
				CLANG_WARN_DOCUMENTATION_COMMENTS = YES;
				CLANG_WARN_EMPTY_BODY = YES;
				CLANG_WARN_ENUM_CONVERSION = YES;
				CLANG_WARN_INFINITE_RECURSION = YES;
				CLANG_WARN_INT_CONVERSION = YES;
				CLANG_WARN_NON_LITERAL_NULL_CONVERSION = YES;
				CLANG_WARN_OBJC_IMPLICIT_RETAIN_SELF = YES;
				CLANG_WARN_OBJC_LITERAL_CONVERSION = YES;
				CLANG_WARN_OBJC_ROOT_CLASS = YES_ERROR;
				CLANG_WARN_QUOTED_INCLUDE_IN_FRAMEWORK_HEADER = YES;
				CLANG_WARN_RANGE_LOOP_ANALYSIS = YES;
				CLANG_WARN_STRICT_PROTOTYPES = YES;
				CLANG_WARN_SUSPICIOUS_MOVE = YES;
				CLANG_WARN_UNGUARDED_AVAILABILITY = YES_AGGRESSIVE;
				CLANG_WARN_UNREACHABLE_CODE = YES;
				CLANG_WARN__DUPLICATE_METHOD_MATCH = YES;
				COPY_PHASE_STRIP = NO;
				DEBUG_INFORMATION_FORMAT = "dwarf-with-dsym";
				ENABLE_NS_ASSERTIONS = NO;
				ENABLE_STRICT_OBJC_MSGSEND = YES;
				ENABLE_USER_SCRIPT_SANDBOXING = YES;
				GCC_C_LANGUAGE_STANDARD = gnu17;
				GCC_NO_COMMON_BLOCKS = YES;
				GCC_WARN_64_TO_32_BIT_CONVERSION = YES;
				GCC_WARN_ABOUT_RETURN_TYPE = YES_ERROR;
				GCC_WARN_UNDECLARED_SELECTOR = YES;
				GCC_WARN_UNINITIALIZED_AUTOS = YES_AGGRESSIVE;
				GCC_WARN_UNUSED_FUNCTION = YES;
				GCC_WARN_UNUSED_VARIABLE = YES;
				IPHONEOS_DEPLOYMENT_TARGET = 17.0;
				LOCALIZATION_PREFERS_STRING_CATALOGS = YES;
				MTL_ENABLE_DEBUG_INFO = NO;
				MTL_FAST_MATH = YES;
				SDKROOT = iphoneos;
				SWIFT_COMPILATION_MODE = wholemodule;
				VALIDATE_PRODUCT = YES;
			};
			name = Release;
		};
		3F07129F2AE11D2B00B98A82 /* Debug */ = {
			isa = XCBuildConfiguration;
			buildSettings = {
				ASSETCATALOG_COMPILER_APPICON_NAME = AppIcon;
				ASSETCATALOG_COMPILER_GLOBAL_ACCENT_COLOR_NAME = AccentColor;
				CODE_SIGN_STYLE = Automatic;
				CURRENT_PROJECT_VERSION = 1;
				DEVELOPMENT_TEAM = 95TC3M7268;
				ENABLE_USER_SCRIPT_SANDBOXING = NO;
				GENERATE_INFOPLIST_FILE = YES;
				INFOPLIST_FILE = iosSchool_HH/Info.plist;
				INFOPLIST_KEY_UIApplicationSupportsIndirectInputEvents = YES;
				INFOPLIST_KEY_UILaunchStoryboardName = LaunchScreen;
				INFOPLIST_KEY_UISupportedInterfaceOrientations_iPad = "UIInterfaceOrientationPortrait UIInterfaceOrientationPortraitUpsideDown UIInterfaceOrientationLandscapeLeft UIInterfaceOrientationLandscapeRight";
				INFOPLIST_KEY_UISupportedInterfaceOrientations_iPhone = "UIInterfaceOrientationPortrait UIInterfaceOrientationLandscapeLeft UIInterfaceOrientationLandscapeRight";
				LD_RUNPATH_SEARCH_PATHS = (
					"$(inherited)",
					"@executable_path/Frameworks",
				);
				MARKETING_VERSION = 1.0;
				PRODUCT_BUNDLE_IDENTIFIER = "-.iosSchool-HH";
				PRODUCT_NAME = "$(TARGET_NAME)";
				SWIFT_EMIT_LOC_STRINGS = YES;
				SWIFT_VERSION = 5.0;
				TARGETED_DEVICE_FAMILY = "1,2";
			};
			name = Debug;
		};
		3F0712A02AE11D2B00B98A82 /* Release */ = {
			isa = XCBuildConfiguration;
			buildSettings = {
				ASSETCATALOG_COMPILER_APPICON_NAME = AppIcon;
				ASSETCATALOG_COMPILER_GLOBAL_ACCENT_COLOR_NAME = AccentColor;
				CODE_SIGN_STYLE = Automatic;
				CURRENT_PROJECT_VERSION = 1;
				DEVELOPMENT_TEAM = 95TC3M7268;
				ENABLE_USER_SCRIPT_SANDBOXING = NO;
				GENERATE_INFOPLIST_FILE = YES;
				INFOPLIST_FILE = iosSchool_HH/Info.plist;
				INFOPLIST_KEY_UIApplicationSupportsIndirectInputEvents = YES;
				INFOPLIST_KEY_UILaunchStoryboardName = LaunchScreen;
				INFOPLIST_KEY_UISupportedInterfaceOrientations_iPad = "UIInterfaceOrientationPortrait UIInterfaceOrientationPortraitUpsideDown UIInterfaceOrientationLandscapeLeft UIInterfaceOrientationLandscapeRight";
				INFOPLIST_KEY_UISupportedInterfaceOrientations_iPhone = "UIInterfaceOrientationPortrait UIInterfaceOrientationLandscapeLeft UIInterfaceOrientationLandscapeRight";
				LD_RUNPATH_SEARCH_PATHS = (
					"$(inherited)",
					"@executable_path/Frameworks",
				);
				MARKETING_VERSION = 1.0;
				PRODUCT_BUNDLE_IDENTIFIER = "-.iosSchool-HH";
				PRODUCT_NAME = "$(TARGET_NAME)";
				SWIFT_EMIT_LOC_STRINGS = YES;
				SWIFT_VERSION = 5.0;
				TARGETED_DEVICE_FAMILY = "1,2";
			};
			name = Release;
		};
/* End XCBuildConfiguration section */

/* Begin XCConfigurationList section */
		3F0712852AE11D2700B98A82 /* Build configuration list for PBXProject "iosSchool_HH" */ = {
			isa = XCConfigurationList;
			buildConfigurations = (
				3F07129C2AE11D2B00B98A82 /* Debug */,
				3F07129D2AE11D2B00B98A82 /* Release */,
			);
			defaultConfigurationIsVisible = 0;
			defaultConfigurationName = Release;
		};
		3F07129E2AE11D2B00B98A82 /* Build configuration list for PBXNativeTarget "iosSchool_HH" */ = {
			isa = XCConfigurationList;
			buildConfigurations = (
				3F07129F2AE11D2B00B98A82 /* Debug */,
				3F0712A02AE11D2B00B98A82 /* Release */,
			);
			defaultConfigurationIsVisible = 0;
			defaultConfigurationName = Release;
		};
/* End XCConfigurationList section */
	};
	rootObject = 3F0712822AE11D2700B98A82 /* Project object */;
}
