// !$*UTF8*$!
{
	archiveVersion = 1;
	classes = {
	};
	objectVersion = 56;
	objects = {

/* Begin PBXBuildFile section */
		3F07128E2AE11D2800B98A82 /* AppDelegate.swift in Sources */ = {isa = PBXBuildFile; fileRef = 3F07128D2AE11D2800B98A82 /* AppDelegate.swift */; };
		3F0712902AE11D2800B98A82 /* SceneDelegate.swift in Sources */ = {isa = PBXBuildFile; fileRef = 3F07128F2AE11D2800B98A82 /* SceneDelegate.swift */; };
		3F0712972AE11D2B00B98A82 /* Assets.xcassets in Resources */ = {isa = PBXBuildFile; fileRef = 3F0712962AE11D2B00B98A82 /* Assets.xcassets */; };
		3F07129A2AE11D2B00B98A82 /* LaunchScreen.storyboard in Resources */ = {isa = PBXBuildFile; fileRef = 3F0712982AE11D2B00B98A82 /* LaunchScreen.storyboard */; };
		3F0712A92AEAA5EE00B98A82 /* Assembly.swift in Sources */ = {isa = PBXBuildFile; fileRef = 3F0712A82AEAA5EE00B98A82 /* Assembly.swift */; };
		3F0712B72AF9194000B98A82 /* AppCoordinator.swift in Sources */ = {isa = PBXBuildFile; fileRef = 3F0712B62AF9194000B98A82 /* AppCoordinator.swift */; };
		3F0712B92AF9197B00B98A82 /* BaseCoordinator.swift in Sources */ = {isa = PBXBuildFile; fileRef = 3F0712B82AF9197B00B98A82 /* BaseCoordinator.swift */; };
		3F0712BE2AF922E100B98A82 /* AuthViewController.swift in Sources */ = {isa = PBXBuildFile; fileRef = 3F0712BD2AF922E100B98A82 /* AuthViewController.swift */; };
		3F0712C02AF9230E00B98A82 /* AuthView.swift in Sources */ = {isa = PBXBuildFile; fileRef = 3F0712BF2AF9230E00B98A82 /* AuthView.swift */; };
		3F0712C22AF9242B00B98A82 /* AuthViewData.swift in Sources */ = {isa = PBXBuildFile; fileRef = 3F0712C12AF9242B00B98A82 /* AuthViewData.swift */; };
		3F0712C42AF9245700B98A82 /* AuthDataProvider.swift in Sources */ = {isa = PBXBuildFile; fileRef = 3F0712C32AF9245700B98A82 /* AuthDataProvider.swift */; };
		3F0712C62AF9249500B98A82 /* AuthAssembly.swift in Sources */ = {isa = PBXBuildFile; fileRef = 3F0712C52AF9249500B98A82 /* AuthAssembly.swift */; };
		3F0712C82AF9261600B98A82 /* AuthCoordinator.swift in Sources */ = {isa = PBXBuildFile; fileRef = 3F0712C72AF9261600B98A82 /* AuthCoordinator.swift */; };
		3F0712CB2AFD12BE00B98A82 /* SplashDataProvider.swift in Sources */ = {isa = PBXBuildFile; fileRef = 3F0712CA2AFD12BE00B98A82 /* SplashDataProvider.swift */; };
		3F0712CD2AFD12FA00B98A82 /* SplashViewData.swift in Sources */ = {isa = PBXBuildFile; fileRef = 3F0712CC2AFD12FA00B98A82 /* SplashViewData.swift */; };
		3F0712CF2AFD131D00B98A82 /* SplashView.swift in Sources */ = {isa = PBXBuildFile; fileRef = 3F0712CE2AFD131D00B98A82 /* SplashView.swift */; };
		3F0712D12AFD138000B98A82 /* SplashViewController.swift in Sources */ = {isa = PBXBuildFile; fileRef = 3F0712D02AFD138000B98A82 /* SplashViewController.swift */; };
		3F0712D32AFD141B00B98A82 /* SplashCoordinator.swift in Sources */ = {isa = PBXBuildFile; fileRef = 3F0712D22AFD141B00B98A82 /* SplashCoordinator.swift */; };
		3F0712D52AFD147200B98A82 /* SplashAssembly.swift in Sources */ = {isa = PBXBuildFile; fileRef = 3F0712D42AFD147200B98A82 /* SplashAssembly.swift */; };
		3F0712D82AFE398500B98A82 /* RegistrationView.swift in Sources */ = {isa = PBXBuildFile; fileRef = 3F0712D72AFE398500B98A82 /* RegistrationView.swift */; };
		3F0712DA2AFE3A2B00B98A82 /* RegistrationAssembly.swift in Sources */ = {isa = PBXBuildFile; fileRef = 3F0712D92AFE3A2B00B98A82 /* RegistrationAssembly.swift */; };
		3F0712DC2AFE3C2F00B98A82 /* RegistrationCoordinator.swift in Sources */ = {isa = PBXBuildFile; fileRef = 3F0712DB2AFE3C2F00B98A82 /* RegistrationCoordinator.swift */; };
		3F0712DE2AFE3D6C00B98A82 /* RegistrationViewController.swift in Sources */ = {isa = PBXBuildFile; fileRef = 3F0712DD2AFE3D6C00B98A82 /* RegistrationViewController.swift */; };
		3F0712E02AFE3F7200B98A82 /* RegistrationViewData.swift in Sources */ = {isa = PBXBuildFile; fileRef = 3F0712DF2AFE3F7200B98A82 /* RegistrationViewData.swift */; };
		3F0712E22AFE3FB000B98A82 /* RegistrationDataProvider.swift in Sources */ = {isa = PBXBuildFile; fileRef = 3F0712E12AFE3FB000B98A82 /* RegistrationDataProvider.swift */; };
		3F0712E72B0259C700B98A82 /* LocationsList.swift in Sources */ = {isa = PBXBuildFile; fileRef = 3F0712E62B0259C700B98A82 /* LocationsList.swift */; };
		3F0712E92B025A4400B98A82 /* TokenResponse.swift in Sources */ = {isa = PBXBuildFile; fileRef = 3F0712E82B025A4400B98A82 /* TokenResponse.swift */; };
		3F0712F02B025B6400B98A82 /* NetworkConstants.swift in Sources */ = {isa = PBXBuildFile; fileRef = 3F0712EF2B025B6400B98A82 /* NetworkConstants.swift */; };
		3F0712F22B025CB700B98A82 /* ApiError.swift in Sources */ = {isa = PBXBuildFile; fileRef = 3F0712F12B025CB700B98A82 /* ApiError.swift */; };
		3F0712F42B02601900B98A82 /* AuthApiClient.swift in Sources */ = {isa = PBXBuildFile; fileRef = 3F0712F32B02601900B98A82 /* AuthApiClient.swift */; };
		3F0712F82B0640A900B98A82 /* BaseViewController.swift in Sources */ = {isa = PBXBuildFile; fileRef = 3F0712F72B0640A900B98A82 /* BaseViewController.swift */; };
		3F07131B2B0DF18700B98A82 /* RegistrationApiClient.swift in Sources */ = {isa = PBXBuildFile; fileRef = 3F07131A2B0DF18700B98A82 /* RegistrationApiClient.swift */; };
		3F07131F2B0E180A00B98A82 /* LocationDataProvider.swift in Sources */ = {isa = PBXBuildFile; fileRef = 3F07131E2B0E180A00B98A82 /* LocationDataProvider.swift */; };
		3F0713212B0E181E00B98A82 /* LocationViewController.swift in Sources */ = {isa = PBXBuildFile; fileRef = 3F0713202B0E181E00B98A82 /* LocationViewController.swift */; };
		3F0713232B0E197D00B98A82 /* LocationApiClient.swift in Sources */ = {isa = PBXBuildFile; fileRef = 3F0713222B0E197D00B98A82 /* LocationApiClient.swift */; };
		3F0713252B0E19AF00B98A82 /* Location.swift in Sources */ = {isa = PBXBuildFile; fileRef = 3F0713242B0E19AF00B98A82 /* Location.swift */; };
		3F0713272B0E1CF700B98A82 /* LocationAssembly.swift in Sources */ = {isa = PBXBuildFile; fileRef = 3F0713262B0E1CF700B98A82 /* LocationAssembly.swift */; };
		3F0713292B0E1D4000B98A82 /* LocationCoordinator.swift in Sources */ = {isa = PBXBuildFile; fileRef = 3F0713282B0E1D3F00B98A82 /* LocationCoordinator.swift */; };
		3F07132C2B0E31FC00B98A82 /* CharacterAssembly.swift in Sources */ = {isa = PBXBuildFile; fileRef = 3F07132B2B0E31FC00B98A82 /* CharacterAssembly.swift */; };
		3F07132E2B0E320E00B98A82 /* CharacterCoordinator.swift in Sources */ = {isa = PBXBuildFile; fileRef = 3F07132D2B0E320E00B98A82 /* CharacterCoordinator.swift */; };
		3F0713302B0E322800B98A82 /* CharacterViewController.swift in Sources */ = {isa = PBXBuildFile; fileRef = 3F07132F2B0E322800B98A82 /* CharacterViewController.swift */; };
		3F0713322B0E324800B98A82 /* CharacterDataProvider.swift in Sources */ = {isa = PBXBuildFile; fileRef = 3F0713312B0E324800B98A82 /* CharacterDataProvider.swift */; };
		3F0713342B0E32B100B98A82 /* CharacterApiClient.swift in Sources */ = {isa = PBXBuildFile; fileRef = 3F0713332B0E32B100B98A82 /* CharacterApiClient.swift */; };
		3F0713362B0E350800B98A82 /* Character.swift in Sources */ = {isa = PBXBuildFile; fileRef = 3F0713352B0E350800B98A82 /* Character.swift */; };
		3F0713502B105C4700B98A82 /* PKHUD in Frameworks */ = {isa = PBXBuildFile; productRef = 3F07134F2B105C4700B98A82 /* PKHUD */; };
		3F0713532B105C5E00B98A82 /* SPIndicator in Frameworks */ = {isa = PBXBuildFile; productRef = 3F0713522B105C5E00B98A82 /* SPIndicator */; };
		3F0713552B105CE200B98A82 /* RootTabBar.swift in Sources */ = {isa = PBXBuildFile; fileRef = 3F0713542B105CE200B98A82 /* RootTabBar.swift */; };
		3F0713572B105DB000B98A82 /* TabBarController.swift in Sources */ = {isa = PBXBuildFile; fileRef = 3F0713562B105DB000B98A82 /* TabBarController.swift */; };
		3F0713592B10624700B98A82 /* BaseNavigationController.swift in Sources */ = {isa = PBXBuildFile; fileRef = 3F0713582B10624700B98A82 /* BaseNavigationController.swift */; };
		3F07135E2B11D12300B98A82 /* RegistrationViewImp.xib in Resources */ = {isa = PBXBuildFile; fileRef = 3F07135D2B11D12300B98A82 /* RegistrationViewImp.xib */; };
		3F07136B2B14C25F00B98A82 /* LocationView.swift in Sources */ = {isa = PBXBuildFile; fileRef = 3F07136A2B14C25F00B98A82 /* LocationView.swift */; };
		3F07136D2B14D18300B98A82 /* LocationViewData.swift in Sources */ = {isa = PBXBuildFile; fileRef = 3F07136C2B14D18300B98A82 /* LocationViewData.swift */; };
		3F0713712B14D1FC00B98A82 /* LocationCell.swift in Sources */ = {isa = PBXBuildFile; fileRef = 3F07136F2B14D1FC00B98A82 /* LocationCell.swift */; };
		3F0713742B14D4D900B98A82 /* LocationCellData.swift in Sources */ = {isa = PBXBuildFile; fileRef = 3F0713732B14D4D900B98A82 /* LocationCellData.swift */; };
		3F0713772B14D7AD00B98A82 /* NSObject+ClassName.swift in Sources */ = {isa = PBXBuildFile; fileRef = 3F0713762B14D7AD00B98A82 /* NSObject+ClassName.swift */; };
		3F07137A2B17208C00B98A82 /* UITextField+LeftPadding.swift in Sources */ = {isa = PBXBuildFile; fileRef = 3F0713792B17208C00B98A82 /* UITextField+LeftPadding.swift */; };
		3F07137D2B173CE500B98A82 /* SplashViewImp.xib in Resources */ = {isa = PBXBuildFile; fileRef = 3F07137C2B173CE500B98A82 /* SplashViewImp.xib */; };
		3F0713822B18CC7100B98A82 /* ImageService.swift in Sources */ = {isa = PBXBuildFile; fileRef = 3F0713812B18CC7100B98A82 /* ImageService.swift */; };
		3F0713952B21F41500B98A82 /* CoreNibReusable.swift in Sources */ = {isa = PBXBuildFile; fileRef = 3F0713942B21F41400B98A82 /* CoreNibReusable.swift */; };
		3F0713972B21F43F00B98A82 /* CoreCellInputData.swift in Sources */ = {isa = PBXBuildFile; fileRef = 3F0713962B21F43F00B98A82 /* CoreCellInputData.swift */; };
		3F0713992B21F49700B98A82 /* CoreCellView.swift in Sources */ = {isa = PBXBuildFile; fileRef = 3F0713982B21F49700B98A82 /* CoreCellView.swift */; };
		3F07139B2B21F55800B98A82 /* CoreReusableView.swift in Sources */ = {isa = PBXBuildFile; fileRef = 3F07139A2B21F55800B98A82 /* CoreReusableView.swift */; };
		3F07139D2B21F5D500B98A82 /* StorageManager.swift in Sources */ = {isa = PBXBuildFile; fileRef = 3F07139C2B21F5D500B98A82 /* StorageManager.swift */; };
		3F07139F2B21F6F300B98A82 /* EmptyReusableView.swift in Sources */ = {isa = PBXBuildFile; fileRef = 3F07139E2B21F6F300B98A82 /* EmptyReusableView.swift */; };
		3F0713A12B21FB4A00B98A82 /* CoreSection.swift in Sources */ = {isa = PBXBuildFile; fileRef = 3F0713A02B21FB4A00B98A82 /* CoreSection.swift */; };
		3F0713A42B21FCD300B98A82 /* Section.swift in Sources */ = {isa = PBXBuildFile; fileRef = 3F0713A32B21FCD300B98A82 /* Section.swift */; };
		3F0713A62B21FD6600B98A82 /* UICollectionView+Registrate.swift in Sources */ = {isa = PBXBuildFile; fileRef = 3F0713A52B21FD6600B98A82 /* UICollectionView+Registrate.swift */; };
		3F0713A82B21FFB200B98A82 /* CharacterView.swift in Sources */ = {isa = PBXBuildFile; fileRef = 3F0713A72B21FFB200B98A82 /* CharacterView.swift */; };
		3F0713AB2B2203F800B98A82 /* CharacterViewData.swift in Sources */ = {isa = PBXBuildFile; fileRef = 3F0713AA2B2203F700B98A82 /* CharacterViewData.swift */; };
		3F0713AF2B22043D00B98A82 /* CharacterCell.swift in Sources */ = {isa = PBXBuildFile; fileRef = 3F0713AD2B22043D00B98A82 /* CharacterCell.swift */; };
		3F0713B02B22043D00B98A82 /* CharacterCell.xib in Resources */ = {isa = PBXBuildFile; fileRef = 3F0713AE2B22043D00B98A82 /* CharacterCell.xib */; };
		3F0713B22B2204D000B98A82 /* CharacterCellData.swift in Sources */ = {isa = PBXBuildFile; fileRef = 3F0713B12B2204D000B98A82 /* CharacterCellData.swift */; };
		3F0713B62B273BB700B98A82 /* KeychainAccess in Frameworks */ = {isa = PBXBuildFile; productRef = 3F0713B52B273BB700B98A82 /* KeychainAccess */; };
		3F0713C82B2B228800B98A82 /* PersonApiClient.swift in Sources */ = {isa = PBXBuildFile; fileRef = 3F0713C72B2B228800B98A82 /* PersonApiClient.swift */; };
		3F0713E12B2B2BAE00B98A82 /* PersonCellData.swift in Sources */ = {isa = PBXBuildFile; fileRef = 3F0713DC2B2B2BAE00B98A82 /* PersonCellData.swift */; };
		3F0713EA2B2B311900B98A82 /* PersonPhotoCell.xib in Resources */ = {isa = PBXBuildFile; fileRef = 3F0713E92B2B311900B98A82 /* PersonPhotoCell.xib */; };
		3F0713EC2B2B313200B98A82 /* PersonPhotoCell.swift in Sources */ = {isa = PBXBuildFile; fileRef = 3F0713EB2B2B313200B98A82 /* PersonPhotoCell.swift */; };
		3F0713EE2B2B313F00B98A82 /* PersonPhotoCellData.swift in Sources */ = {isa = PBXBuildFile; fileRef = 3F0713ED2B2B313F00B98A82 /* PersonPhotoCellData.swift */; };
		3F0713F12B2B3C2A00B98A82 /* PersonEpisodeCell.swift in Sources */ = {isa = PBXBuildFile; fileRef = 3F0713EF2B2B3C2A00B98A82 /* PersonEpisodeCell.swift */; };
		3F0713F22B2B3C2A00B98A82 /* PersonEpisodeCell.xib in Resources */ = {isa = PBXBuildFile; fileRef = 3F0713F02B2B3C2A00B98A82 /* PersonEpisodeCell.xib */; };
		3F0713F42B2B3CD300B98A82 /* PersonEpisodeCellData.swift in Sources */ = {isa = PBXBuildFile; fileRef = 3F0713F32B2B3CD300B98A82 /* PersonEpisodeCellData.swift */; };
		3F0713F62B2B429200B98A82 /* NSCollectionLayoutSection+SupplementaryItem.swift in Sources */ = {isa = PBXBuildFile; fileRef = 3F0713F52B2B429200B98A82 /* NSCollectionLayoutSection+SupplementaryItem.swift */; };
		3F0713F92B2B42FC00B98A82 /* PersonHeaderView.swift in Sources */ = {isa = PBXBuildFile; fileRef = 3F0713F72B2B42FC00B98A82 /* PersonHeaderView.swift */; };
		3F0713FA2B2B42FC00B98A82 /* PersonHeaderView.xib in Resources */ = {isa = PBXBuildFile; fileRef = 3F0713F82B2B42FC00B98A82 /* PersonHeaderView.xib */; };
		3F0713FC2B2B438300B98A82 /* PersonHeaderViewData.swift in Sources */ = {isa = PBXBuildFile; fileRef = 3F0713FB2B2B438300B98A82 /* PersonHeaderViewData.swift */; };
		3F07143A2B38320C00B98A82 /* AuthViewImp.xib in Resources */ = {isa = PBXBuildFile; fileRef = 3F0714392B38320C00B98A82 /* AuthViewImp.xib */; };
		3F07143D2B389B9700B98A82 /* BaseTextField.swift in Sources */ = {isa = PBXBuildFile; fileRef = 3F07143C2B389B9700B98A82 /* BaseTextField.swift */; };
		3F0714412B394EE700B98A82 /* LocationCell.xib in Resources */ = {isa = PBXBuildFile; fileRef = 3F0714402B394EE700B98A82 /* LocationCell.xib */; };
		3FA03B252B3C67BA00C5523C /* UserProfileAssembly.swift in Sources */ = {isa = PBXBuildFile; fileRef = 3FA03B242B3C67BA00C5523C /* UserProfileAssembly.swift */; };
		3FA03B272B3C691D00C5523C /* UserProfileCoordinator.swift in Sources */ = {isa = PBXBuildFile; fileRef = 3FA03B262B3C691D00C5523C /* UserProfileCoordinator.swift */; };
		3FA03B292B3C6CB200C5523C /* UserProfileViewController.swift in Sources */ = {isa = PBXBuildFile; fileRef = 3FA03B282B3C6CB200C5523C /* UserProfileViewController.swift */; };
		3FA03B2B2B3C6DB600C5523C /* UserProfileDataProvider.swift in Sources */ = {isa = PBXBuildFile; fileRef = 3FA03B2A2B3C6DB600C5523C /* UserProfileDataProvider.swift */; };
		941261CE2B85C2A100361141 /* UserProfileApiClient.swift in Sources */ = {isa = PBXBuildFile; fileRef = 941261CD2B85C2A100361141 /* UserProfileApiClient.swift */; };
		941261D12B85D9FA00361141 /* UserProfileDateColorCell.swift in Sources */ = {isa = PBXBuildFile; fileRef = 941261D02B85D9FA00361141 /* UserProfileDateColorCell.swift */; };
		941261D32B85DA4500361141 /* UserProfileColorCell.xib in Resources */ = {isa = PBXBuildFile; fileRef = 941261D22B85DA4500361141 /* UserProfileColorCell.xib */; };
		941261D52B85DA8C00361141 /* UserProfileDateColorCellData.swift in Sources */ = {isa = PBXBuildFile; fileRef = 941261D42B85DA8C00361141 /* UserProfileDateColorCellData.swift */; };
		941261D72B85DAAE00361141 /* UserProfileLogoutCell.swift in Sources */ = {isa = PBXBuildFile; fileRef = 941261D62B85DAAE00361141 /* UserProfileLogoutCell.swift */; };
		941261D92B85E07000361141 /* UserProfileLogoutCell.xib in Resources */ = {isa = PBXBuildFile; fileRef = 941261D82B85E07000361141 /* UserProfileLogoutCell.xib */; };
		941261DB2B85E0CB00361141 /* UserProfileLogoutCellData.swift in Sources */ = {isa = PBXBuildFile; fileRef = 941261DA2B85E0CB00361141 /* UserProfileLogoutCellData.swift */; };
		941261DD2B85E0F700361141 /* UserProfilePhotoCell.swift in Sources */ = {isa = PBXBuildFile; fileRef = 941261DC2B85E0F700361141 /* UserProfilePhotoCell.swift */; };
		941261E12B85E47D00361141 /* UserProfilePhotoCell.xib in Resources */ = {isa = PBXBuildFile; fileRef = 941261E02B85E47D00361141 /* UserProfilePhotoCell.xib */; };
		941261E32B85E97F00361141 /* UserProfileUsernameCell.xib in Resources */ = {isa = PBXBuildFile; fileRef = 941261E22B85E97F00361141 /* UserProfileUsernameCell.xib */; };
		941261E52B85EA2D00361141 /* UserProfileUsernameCellData.swift in Sources */ = {isa = PBXBuildFile; fileRef = 941261E42B85EA2D00361141 /* UserProfileUsernameCellData.swift */; };
		941261E72B85EA8D00361141 /* UserProfileUsernameCell.swift in Sources */ = {isa = PBXBuildFile; fileRef = 941261E62B85EA8D00361141 /* UserProfileUsernameCell.swift */; };
		941261E92B85EACE00361141 /* UserProfileSizeCell.swift in Sources */ = {isa = PBXBuildFile; fileRef = 941261E82B85EACE00361141 /* UserProfileSizeCell.swift */; };
		941261EB2B85F21400361141 /* UserProfilePhotoCellData.swift in Sources */ = {isa = PBXBuildFile; fileRef = 941261EA2B85F21400361141 /* UserProfilePhotoCellData.swift */; };
		9447CC022B8F067200AA35CA /* PersonSizeCell.swift in Sources */ = {isa = PBXBuildFile; fileRef = 9447CC012B8F067200AA35CA /* PersonSizeCell.swift */; };
		9447CC042B91C31C00AA35CA /* CustomTextField.swift in Sources */ = {isa = PBXBuildFile; fileRef = 9447CC032B91C31C00AA35CA /* CustomTextField.swift */; };
		9447CC062B92F7B800AA35CA /* UserProfile.swift in Sources */ = {isa = PBXBuildFile; fileRef = 9447CC052B92F7B800AA35CA /* UserProfile.swift */; };
		9449EC862B8C413D00756CA4 /* UserProfileView.swift in Sources */ = {isa = PBXBuildFile; fileRef = 9449EC852B8C413D00756CA4 /* UserProfileView.swift */; };
		9449EC882B8C44EA00756CA4 /* UserProfileViewData.swift in Sources */ = {isa = PBXBuildFile; fileRef = 9449EC872B8C44EA00756CA4 /* UserProfileViewData.swift */; };
		9449EC8A2B8C45B700756CA4 /* UserProfileButtonCellData.swift in Sources */ = {isa = PBXBuildFile; fileRef = 9449EC892B8C45B700756CA4 /* UserProfileButtonCellData.swift */; };
		9449EC8C2B8C45F000756CA4 /* UserProfileLoginCellData.swift in Sources */ = {isa = PBXBuildFile; fileRef = 9449EC8B2B8C45F000756CA4 /* UserProfileLoginCellData.swift */; };
		9449EC8E2B8C462000756CA4 /* UserProfileInfoCellData.swift in Sources */ = {isa = PBXBuildFile; fileRef = 9449EC8D2B8C462000756CA4 /* UserProfileInfoCellData.swift */; };
		94A5D2F32B7350B100BF478D /* ApiClient.swift in Sources */ = {isa = PBXBuildFile; fileRef = 94A5D2F22B7350B000BF478D /* ApiClient.swift */; };
		94A5D2FA2B7357FC00BF478D /* PersonCoordinator.swift in Sources */ = {isa = PBXBuildFile; fileRef = 94A5D2F42B7357FC00BF478D /* PersonCoordinator.swift */; };
		94A5D2FB2B7357FC00BF478D /* PersonView.swift in Sources */ = {isa = PBXBuildFile; fileRef = 94A5D2F52B7357FC00BF478D /* PersonView.swift */; };
		94A5D2FC2B7357FC00BF478D /* PersonViewController.swift in Sources */ = {isa = PBXBuildFile; fileRef = 94A5D2F62B7357FC00BF478D /* PersonViewController.swift */; };
		94A5D2FD2B7357FC00BF478D /* PersonViewData.swift in Sources */ = {isa = PBXBuildFile; fileRef = 94A5D2F72B7357FC00BF478D /* PersonViewData.swift */; };
		94A5D2FE2B7357FC00BF478D /* PersonDataProvider.swift in Sources */ = {isa = PBXBuildFile; fileRef = 94A5D2F82B7357FC00BF478D /* PersonDataProvider.swift */; };
		94A5D2FF2B7357FC00BF478D /* PersonAssembly.swift in Sources */ = {isa = PBXBuildFile; fileRef = 94A5D2F92B7357FC00BF478D /* PersonAssembly.swift */; };
		94A5D3012B737CC400BF478D /* Episode.swift in Sources */ = {isa = PBXBuildFile; fileRef = 94A5D3002B737CC400BF478D /* Episode.swift */; };
/* End PBXBuildFile section */

/* Begin PBXFileReference section */
		3F07128A2AE11D2800B98A82 /* iosSchool_HH.app */ = {isa = PBXFileReference; explicitFileType = wrapper.application; includeInIndex = 0; path = iosSchool_HH.app; sourceTree = BUILT_PRODUCTS_DIR; };
		3F07128D2AE11D2800B98A82 /* AppDelegate.swift */ = {isa = PBXFileReference; lastKnownFileType = sourcecode.swift; path = AppDelegate.swift; sourceTree = "<group>"; };
		3F07128F2AE11D2800B98A82 /* SceneDelegate.swift */ = {isa = PBXFileReference; lastKnownFileType = sourcecode.swift; path = SceneDelegate.swift; sourceTree = "<group>"; };
		3F0712962AE11D2B00B98A82 /* Assets.xcassets */ = {isa = PBXFileReference; lastKnownFileType = folder.assetcatalog; path = Assets.xcassets; sourceTree = "<group>"; };
		3F0712992AE11D2B00B98A82 /* Base */ = {isa = PBXFileReference; lastKnownFileType = file.storyboard; name = Base; path = Base.lproj/LaunchScreen.storyboard; sourceTree = "<group>"; };
		3F07129B2AE11D2B00B98A82 /* Info.plist */ = {isa = PBXFileReference; lastKnownFileType = text.plist.xml; path = Info.plist; sourceTree = "<group>"; };
		3F0712A82AEAA5EE00B98A82 /* Assembly.swift */ = {isa = PBXFileReference; lastKnownFileType = sourcecode.swift; path = Assembly.swift; sourceTree = "<group>"; };
		3F0712B62AF9194000B98A82 /* AppCoordinator.swift */ = {isa = PBXFileReference; lastKnownFileType = sourcecode.swift; path = AppCoordinator.swift; sourceTree = "<group>"; };
		3F0712B82AF9197B00B98A82 /* BaseCoordinator.swift */ = {isa = PBXFileReference; lastKnownFileType = sourcecode.swift; path = BaseCoordinator.swift; sourceTree = "<group>"; };
		3F0712BD2AF922E100B98A82 /* AuthViewController.swift */ = {isa = PBXFileReference; lastKnownFileType = sourcecode.swift; path = AuthViewController.swift; sourceTree = "<group>"; };
		3F0712BF2AF9230E00B98A82 /* AuthView.swift */ = {isa = PBXFileReference; lastKnownFileType = sourcecode.swift; path = AuthView.swift; sourceTree = "<group>"; };
		3F0712C12AF9242B00B98A82 /* AuthViewData.swift */ = {isa = PBXFileReference; lastKnownFileType = sourcecode.swift; path = AuthViewData.swift; sourceTree = "<group>"; };
		3F0712C32AF9245700B98A82 /* AuthDataProvider.swift */ = {isa = PBXFileReference; lastKnownFileType = sourcecode.swift; path = AuthDataProvider.swift; sourceTree = "<group>"; };
		3F0712C52AF9249500B98A82 /* AuthAssembly.swift */ = {isa = PBXFileReference; lastKnownFileType = sourcecode.swift; path = AuthAssembly.swift; sourceTree = "<group>"; };
		3F0712C72AF9261600B98A82 /* AuthCoordinator.swift */ = {isa = PBXFileReference; lastKnownFileType = sourcecode.swift; path = AuthCoordinator.swift; sourceTree = "<group>"; };
		3F0712CA2AFD12BE00B98A82 /* SplashDataProvider.swift */ = {isa = PBXFileReference; lastKnownFileType = sourcecode.swift; path = SplashDataProvider.swift; sourceTree = "<group>"; };
		3F0712CC2AFD12FA00B98A82 /* SplashViewData.swift */ = {isa = PBXFileReference; lastKnownFileType = sourcecode.swift; path = SplashViewData.swift; sourceTree = "<group>"; };
		3F0712CE2AFD131D00B98A82 /* SplashView.swift */ = {isa = PBXFileReference; lastKnownFileType = sourcecode.swift; path = SplashView.swift; sourceTree = "<group>"; };
		3F0712D02AFD138000B98A82 /* SplashViewController.swift */ = {isa = PBXFileReference; lastKnownFileType = sourcecode.swift; path = SplashViewController.swift; sourceTree = "<group>"; };
		3F0712D22AFD141B00B98A82 /* SplashCoordinator.swift */ = {isa = PBXFileReference; lastKnownFileType = sourcecode.swift; path = SplashCoordinator.swift; sourceTree = "<group>"; };
		3F0712D42AFD147200B98A82 /* SplashAssembly.swift */ = {isa = PBXFileReference; lastKnownFileType = sourcecode.swift; path = SplashAssembly.swift; sourceTree = "<group>"; };
		3F0712D72AFE398500B98A82 /* RegistrationView.swift */ = {isa = PBXFileReference; lastKnownFileType = sourcecode.swift; path = RegistrationView.swift; sourceTree = "<group>"; };
		3F0712D92AFE3A2B00B98A82 /* RegistrationAssembly.swift */ = {isa = PBXFileReference; lastKnownFileType = sourcecode.swift; path = RegistrationAssembly.swift; sourceTree = "<group>"; };
		3F0712DB2AFE3C2F00B98A82 /* RegistrationCoordinator.swift */ = {isa = PBXFileReference; lastKnownFileType = sourcecode.swift; path = RegistrationCoordinator.swift; sourceTree = "<group>"; };
		3F0712DD2AFE3D6C00B98A82 /* RegistrationViewController.swift */ = {isa = PBXFileReference; lastKnownFileType = sourcecode.swift; path = RegistrationViewController.swift; sourceTree = "<group>"; };
		3F0712DF2AFE3F7200B98A82 /* RegistrationViewData.swift */ = {isa = PBXFileReference; lastKnownFileType = sourcecode.swift; path = RegistrationViewData.swift; sourceTree = "<group>"; };
		3F0712E12AFE3FB000B98A82 /* RegistrationDataProvider.swift */ = {isa = PBXFileReference; lastKnownFileType = sourcecode.swift; path = RegistrationDataProvider.swift; sourceTree = "<group>"; };
		3F0712E62B0259C700B98A82 /* LocationsList.swift */ = {isa = PBXFileReference; lastKnownFileType = sourcecode.swift; path = LocationsList.swift; sourceTree = "<group>"; };
		3F0712E82B025A4400B98A82 /* TokenResponse.swift */ = {isa = PBXFileReference; lastKnownFileType = sourcecode.swift; path = TokenResponse.swift; sourceTree = "<group>"; };
		3F0712EF2B025B6400B98A82 /* NetworkConstants.swift */ = {isa = PBXFileReference; lastKnownFileType = sourcecode.swift; path = NetworkConstants.swift; sourceTree = "<group>"; };
		3F0712F12B025CB700B98A82 /* ApiError.swift */ = {isa = PBXFileReference; lastKnownFileType = sourcecode.swift; path = ApiError.swift; sourceTree = "<group>"; };
		3F0712F32B02601900B98A82 /* AuthApiClient.swift */ = {isa = PBXFileReference; lastKnownFileType = sourcecode.swift; path = AuthApiClient.swift; sourceTree = "<group>"; };
		3F0712F72B0640A900B98A82 /* BaseViewController.swift */ = {isa = PBXFileReference; lastKnownFileType = sourcecode.swift; path = BaseViewController.swift; sourceTree = "<group>"; };
		3F07131A2B0DF18700B98A82 /* RegistrationApiClient.swift */ = {isa = PBXFileReference; lastKnownFileType = sourcecode.swift; path = RegistrationApiClient.swift; sourceTree = "<group>"; };
		3F07131E2B0E180A00B98A82 /* LocationDataProvider.swift */ = {isa = PBXFileReference; lastKnownFileType = sourcecode.swift; path = LocationDataProvider.swift; sourceTree = "<group>"; };
		3F0713202B0E181E00B98A82 /* LocationViewController.swift */ = {isa = PBXFileReference; lastKnownFileType = sourcecode.swift; path = LocationViewController.swift; sourceTree = "<group>"; };
		3F0713222B0E197D00B98A82 /* LocationApiClient.swift */ = {isa = PBXFileReference; lastKnownFileType = sourcecode.swift; path = LocationApiClient.swift; sourceTree = "<group>"; };
		3F0713242B0E19AF00B98A82 /* Location.swift */ = {isa = PBXFileReference; lastKnownFileType = sourcecode.swift; path = Location.swift; sourceTree = "<group>"; };
		3F0713262B0E1CF700B98A82 /* LocationAssembly.swift */ = {isa = PBXFileReference; lastKnownFileType = sourcecode.swift; path = LocationAssembly.swift; sourceTree = "<group>"; };
		3F0713282B0E1D3F00B98A82 /* LocationCoordinator.swift */ = {isa = PBXFileReference; lastKnownFileType = sourcecode.swift; path = LocationCoordinator.swift; sourceTree = "<group>"; };
		3F07132B2B0E31FC00B98A82 /* CharacterAssembly.swift */ = {isa = PBXFileReference; lastKnownFileType = sourcecode.swift; path = CharacterAssembly.swift; sourceTree = "<group>"; };
		3F07132D2B0E320E00B98A82 /* CharacterCoordinator.swift */ = {isa = PBXFileReference; lastKnownFileType = sourcecode.swift; path = CharacterCoordinator.swift; sourceTree = "<group>"; };
		3F07132F2B0E322800B98A82 /* CharacterViewController.swift */ = {isa = PBXFileReference; lastKnownFileType = sourcecode.swift; path = CharacterViewController.swift; sourceTree = "<group>"; };
		3F0713312B0E324800B98A82 /* CharacterDataProvider.swift */ = {isa = PBXFileReference; lastKnownFileType = sourcecode.swift; path = CharacterDataProvider.swift; sourceTree = "<group>"; };
		3F0713332B0E32B100B98A82 /* CharacterApiClient.swift */ = {isa = PBXFileReference; lastKnownFileType = sourcecode.swift; path = CharacterApiClient.swift; sourceTree = "<group>"; };
		3F0713352B0E350800B98A82 /* Character.swift */ = {isa = PBXFileReference; lastKnownFileType = sourcecode.swift; path = Character.swift; sourceTree = "<group>"; };
		3F0713542B105CE200B98A82 /* RootTabBar.swift */ = {isa = PBXFileReference; lastKnownFileType = sourcecode.swift; path = RootTabBar.swift; sourceTree = "<group>"; };
		3F0713562B105DB000B98A82 /* TabBarController.swift */ = {isa = PBXFileReference; lastKnownFileType = sourcecode.swift; path = TabBarController.swift; sourceTree = "<group>"; };
		3F0713582B10624700B98A82 /* BaseNavigationController.swift */ = {isa = PBXFileReference; lastKnownFileType = sourcecode.swift; path = BaseNavigationController.swift; sourceTree = "<group>"; };
		3F07135D2B11D12300B98A82 /* RegistrationViewImp.xib */ = {isa = PBXFileReference; lastKnownFileType = file.xib; path = RegistrationViewImp.xib; sourceTree = "<group>"; };
		3F07136A2B14C25F00B98A82 /* LocationView.swift */ = {isa = PBXFileReference; lastKnownFileType = sourcecode.swift; path = LocationView.swift; sourceTree = "<group>"; };
		3F07136C2B14D18300B98A82 /* LocationViewData.swift */ = {isa = PBXFileReference; lastKnownFileType = sourcecode.swift; path = LocationViewData.swift; sourceTree = "<group>"; };
		3F07136F2B14D1FC00B98A82 /* LocationCell.swift */ = {isa = PBXFileReference; lastKnownFileType = sourcecode.swift; path = LocationCell.swift; sourceTree = "<group>"; };
		3F0713732B14D4D900B98A82 /* LocationCellData.swift */ = {isa = PBXFileReference; lastKnownFileType = sourcecode.swift; path = LocationCellData.swift; sourceTree = "<group>"; };
		3F0713762B14D7AD00B98A82 /* NSObject+ClassName.swift */ = {isa = PBXFileReference; lastKnownFileType = sourcecode.swift; path = "NSObject+ClassName.swift"; sourceTree = "<group>"; };
		3F0713792B17208C00B98A82 /* UITextField+LeftPadding.swift */ = {isa = PBXFileReference; lastKnownFileType = sourcecode.swift; path = "UITextField+LeftPadding.swift"; sourceTree = "<group>"; };
		3F07137C2B173CE500B98A82 /* SplashViewImp.xib */ = {isa = PBXFileReference; lastKnownFileType = file.xib; path = SplashViewImp.xib; sourceTree = "<group>"; };
		3F0713812B18CC7100B98A82 /* ImageService.swift */ = {isa = PBXFileReference; lastKnownFileType = sourcecode.swift; path = ImageService.swift; sourceTree = "<group>"; };
		3F0713942B21F41400B98A82 /* CoreNibReusable.swift */ = {isa = PBXFileReference; lastKnownFileType = sourcecode.swift; path = CoreNibReusable.swift; sourceTree = "<group>"; };
		3F0713962B21F43F00B98A82 /* CoreCellInputData.swift */ = {isa = PBXFileReference; lastKnownFileType = sourcecode.swift; path = CoreCellInputData.swift; sourceTree = "<group>"; };
		3F0713982B21F49700B98A82 /* CoreCellView.swift */ = {isa = PBXFileReference; lastKnownFileType = sourcecode.swift; path = CoreCellView.swift; sourceTree = "<group>"; };
		3F07139A2B21F55800B98A82 /* CoreReusableView.swift */ = {isa = PBXFileReference; lastKnownFileType = sourcecode.swift; path = CoreReusableView.swift; sourceTree = "<group>"; };
		3F07139C2B21F5D500B98A82 /* StorageManager.swift */ = {isa = PBXFileReference; lastKnownFileType = sourcecode.swift; path = StorageManager.swift; sourceTree = "<group>"; };
		3F07139E2B21F6F300B98A82 /* EmptyReusableView.swift */ = {isa = PBXFileReference; lastKnownFileType = sourcecode.swift; path = EmptyReusableView.swift; sourceTree = "<group>"; };
		3F0713A02B21FB4A00B98A82 /* CoreSection.swift */ = {isa = PBXFileReference; lastKnownFileType = sourcecode.swift; path = CoreSection.swift; sourceTree = "<group>"; };
		3F0713A32B21FCD300B98A82 /* Section.swift */ = {isa = PBXFileReference; lastKnownFileType = sourcecode.swift; path = Section.swift; sourceTree = "<group>"; };
		3F0713A52B21FD6600B98A82 /* UICollectionView+Registrate.swift */ = {isa = PBXFileReference; lastKnownFileType = sourcecode.swift; path = "UICollectionView+Registrate.swift"; sourceTree = "<group>"; };
		3F0713A72B21FFB200B98A82 /* CharacterView.swift */ = {isa = PBXFileReference; lastKnownFileType = sourcecode.swift; path = CharacterView.swift; sourceTree = "<group>"; };
		3F0713AA2B2203F700B98A82 /* CharacterViewData.swift */ = {isa = PBXFileReference; lastKnownFileType = sourcecode.swift; path = CharacterViewData.swift; sourceTree = "<group>"; };
		3F0713AD2B22043D00B98A82 /* CharacterCell.swift */ = {isa = PBXFileReference; lastKnownFileType = sourcecode.swift; path = CharacterCell.swift; sourceTree = "<group>"; };
		3F0713AE2B22043D00B98A82 /* CharacterCell.xib */ = {isa = PBXFileReference; lastKnownFileType = file.xib; path = CharacterCell.xib; sourceTree = "<group>"; };
		3F0713B12B2204D000B98A82 /* CharacterCellData.swift */ = {isa = PBXFileReference; lastKnownFileType = sourcecode.swift; path = CharacterCellData.swift; sourceTree = "<group>"; };
		3F0713C72B2B228800B98A82 /* PersonApiClient.swift */ = {isa = PBXFileReference; lastKnownFileType = sourcecode.swift; path = PersonApiClient.swift; sourceTree = "<group>"; };
		3F0713DC2B2B2BAE00B98A82 /* PersonCellData.swift */ = {isa = PBXFileReference; fileEncoding = 4; lastKnownFileType = sourcecode.swift; path = PersonCellData.swift; sourceTree = "<group>"; };
		3F0713E92B2B311900B98A82 /* PersonPhotoCell.xib */ = {isa = PBXFileReference; lastKnownFileType = file.xib; path = PersonPhotoCell.xib; sourceTree = "<group>"; };
		3F0713EB2B2B313200B98A82 /* PersonPhotoCell.swift */ = {isa = PBXFileReference; lastKnownFileType = sourcecode.swift; path = PersonPhotoCell.swift; sourceTree = "<group>"; };
		3F0713ED2B2B313F00B98A82 /* PersonPhotoCellData.swift */ = {isa = PBXFileReference; lastKnownFileType = sourcecode.swift; path = PersonPhotoCellData.swift; sourceTree = "<group>"; };
		3F0713EF2B2B3C2A00B98A82 /* PersonEpisodeCell.swift */ = {isa = PBXFileReference; lastKnownFileType = sourcecode.swift; path = PersonEpisodeCell.swift; sourceTree = "<group>"; };
		3F0713F02B2B3C2A00B98A82 /* PersonEpisodeCell.xib */ = {isa = PBXFileReference; lastKnownFileType = file.xib; path = PersonEpisodeCell.xib; sourceTree = "<group>"; };
		3F0713F32B2B3CD300B98A82 /* PersonEpisodeCellData.swift */ = {isa = PBXFileReference; lastKnownFileType = sourcecode.swift; path = PersonEpisodeCellData.swift; sourceTree = "<group>"; };
		3F0713F52B2B429200B98A82 /* NSCollectionLayoutSection+SupplementaryItem.swift */ = {isa = PBXFileReference; lastKnownFileType = sourcecode.swift; path = "NSCollectionLayoutSection+SupplementaryItem.swift"; sourceTree = "<group>"; };
		3F0713F72B2B42FC00B98A82 /* PersonHeaderView.swift */ = {isa = PBXFileReference; lastKnownFileType = sourcecode.swift; path = PersonHeaderView.swift; sourceTree = "<group>"; };
		3F0713F82B2B42FC00B98A82 /* PersonHeaderView.xib */ = {isa = PBXFileReference; lastKnownFileType = file.xib; path = PersonHeaderView.xib; sourceTree = "<group>"; };
		3F0713FB2B2B438300B98A82 /* PersonHeaderViewData.swift */ = {isa = PBXFileReference; lastKnownFileType = sourcecode.swift; path = PersonHeaderViewData.swift; sourceTree = "<group>"; };
		3F0714392B38320C00B98A82 /* AuthViewImp.xib */ = {isa = PBXFileReference; fileEncoding = 4; lastKnownFileType = file.xib; path = AuthViewImp.xib; sourceTree = "<group>"; };
		3F07143C2B389B9700B98A82 /* BaseTextField.swift */ = {isa = PBXFileReference; lastKnownFileType = sourcecode.swift; path = BaseTextField.swift; sourceTree = "<group>"; };
		3F0714402B394EE700B98A82 /* LocationCell.xib */ = {isa = PBXFileReference; fileEncoding = 4; lastKnownFileType = file.xib; path = LocationCell.xib; sourceTree = "<group>"; };
		3FA03B242B3C67BA00C5523C /* UserProfileAssembly.swift */ = {isa = PBXFileReference; lastKnownFileType = sourcecode.swift; path = UserProfileAssembly.swift; sourceTree = "<group>"; };
		3FA03B262B3C691D00C5523C /* UserProfileCoordinator.swift */ = {isa = PBXFileReference; lastKnownFileType = sourcecode.swift; path = UserProfileCoordinator.swift; sourceTree = "<group>"; };
		3FA03B282B3C6CB200C5523C /* UserProfileViewController.swift */ = {isa = PBXFileReference; lastKnownFileType = sourcecode.swift; path = UserProfileViewController.swift; sourceTree = "<group>"; };
		3FA03B2A2B3C6DB600C5523C /* UserProfileDataProvider.swift */ = {isa = PBXFileReference; lastKnownFileType = sourcecode.swift; path = UserProfileDataProvider.swift; sourceTree = "<group>"; };
		941261CD2B85C2A100361141 /* UserProfileApiClient.swift */ = {isa = PBXFileReference; lastKnownFileType = sourcecode.swift; path = UserProfileApiClient.swift; sourceTree = "<group>"; };
		941261D02B85D9FA00361141 /* UserProfileDateColorCell.swift */ = {isa = PBXFileReference; lastKnownFileType = sourcecode.swift; path = UserProfileDateColorCell.swift; sourceTree = "<group>"; };
		941261D22B85DA4500361141 /* UserProfileColorCell.xib */ = {isa = PBXFileReference; lastKnownFileType = file.xib; path = UserProfileColorCell.xib; sourceTree = "<group>"; };
		941261D42B85DA8C00361141 /* UserProfileDateColorCellData.swift */ = {isa = PBXFileReference; lastKnownFileType = sourcecode.swift; path = UserProfileDateColorCellData.swift; sourceTree = "<group>"; };
		941261D62B85DAAE00361141 /* UserProfileLogoutCell.swift */ = {isa = PBXFileReference; lastKnownFileType = sourcecode.swift; path = UserProfileLogoutCell.swift; sourceTree = "<group>"; };
		941261D82B85E07000361141 /* UserProfileLogoutCell.xib */ = {isa = PBXFileReference; lastKnownFileType = file.xib; path = UserProfileLogoutCell.xib; sourceTree = "<group>"; };
		941261DA2B85E0CB00361141 /* UserProfileLogoutCellData.swift */ = {isa = PBXFileReference; lastKnownFileType = sourcecode.swift; path = UserProfileLogoutCellData.swift; sourceTree = "<group>"; };
		941261DC2B85E0F700361141 /* UserProfilePhotoCell.swift */ = {isa = PBXFileReference; lastKnownFileType = sourcecode.swift; path = UserProfilePhotoCell.swift; sourceTree = "<group>"; };
		941261E02B85E47D00361141 /* UserProfilePhotoCell.xib */ = {isa = PBXFileReference; lastKnownFileType = file.xib; path = UserProfilePhotoCell.xib; sourceTree = "<group>"; };
		941261E22B85E97F00361141 /* UserProfileUsernameCell.xib */ = {isa = PBXFileReference; lastKnownFileType = file.xib; path = UserProfileUsernameCell.xib; sourceTree = "<group>"; };
		941261E42B85EA2D00361141 /* UserProfileUsernameCellData.swift */ = {isa = PBXFileReference; lastKnownFileType = sourcecode.swift; path = UserProfileUsernameCellData.swift; sourceTree = "<group>"; };
		941261E62B85EA8D00361141 /* UserProfileUsernameCell.swift */ = {isa = PBXFileReference; lastKnownFileType = sourcecode.swift; path = UserProfileUsernameCell.swift; sourceTree = "<group>"; };
		941261E82B85EACE00361141 /* UserProfileSizeCell.swift */ = {isa = PBXFileReference; lastKnownFileType = sourcecode.swift; path = UserProfileSizeCell.swift; sourceTree = "<group>"; };
		941261EA2B85F21400361141 /* UserProfilePhotoCellData.swift */ = {isa = PBXFileReference; lastKnownFileType = sourcecode.swift; path = UserProfilePhotoCellData.swift; sourceTree = "<group>"; };
		9447CC012B8F067200AA35CA /* PersonSizeCell.swift */ = {isa = PBXFileReference; lastKnownFileType = sourcecode.swift; path = PersonSizeCell.swift; sourceTree = "<group>"; };
		9447CC032B91C31C00AA35CA /* CustomTextField.swift */ = {isa = PBXFileReference; lastKnownFileType = sourcecode.swift; path = CustomTextField.swift; sourceTree = "<group>"; };
		9447CC052B92F7B800AA35CA /* UserProfile.swift */ = {isa = PBXFileReference; lastKnownFileType = sourcecode.swift; path = UserProfile.swift; sourceTree = "<group>"; };
		9449EC852B8C413D00756CA4 /* UserProfileView.swift */ = {isa = PBXFileReference; lastKnownFileType = sourcecode.swift; path = UserProfileView.swift; sourceTree = "<group>"; };
		9449EC872B8C44EA00756CA4 /* UserProfileViewData.swift */ = {isa = PBXFileReference; lastKnownFileType = sourcecode.swift; path = UserProfileViewData.swift; sourceTree = "<group>"; };
		9449EC892B8C45B700756CA4 /* UserProfileButtonCellData.swift */ = {isa = PBXFileReference; lastKnownFileType = sourcecode.swift; path = UserProfileButtonCellData.swift; sourceTree = "<group>"; };
		9449EC8B2B8C45F000756CA4 /* UserProfileLoginCellData.swift */ = {isa = PBXFileReference; lastKnownFileType = sourcecode.swift; path = UserProfileLoginCellData.swift; sourceTree = "<group>"; };
		9449EC8D2B8C462000756CA4 /* UserProfileInfoCellData.swift */ = {isa = PBXFileReference; lastKnownFileType = sourcecode.swift; path = UserProfileInfoCellData.swift; sourceTree = "<group>"; };
		94A5D2F22B7350B000BF478D /* ApiClient.swift */ = {isa = PBXFileReference; fileEncoding = 4; lastKnownFileType = sourcecode.swift; path = ApiClient.swift; sourceTree = "<group>"; };
		94A5D2F42B7357FC00BF478D /* PersonCoordinator.swift */ = {isa = PBXFileReference; fileEncoding = 4; lastKnownFileType = sourcecode.swift; path = PersonCoordinator.swift; sourceTree = "<group>"; };
		94A5D2F52B7357FC00BF478D /* PersonView.swift */ = {isa = PBXFileReference; fileEncoding = 4; lastKnownFileType = sourcecode.swift; path = PersonView.swift; sourceTree = "<group>"; };
		94A5D2F62B7357FC00BF478D /* PersonViewController.swift */ = {isa = PBXFileReference; fileEncoding = 4; lastKnownFileType = sourcecode.swift; path = PersonViewController.swift; sourceTree = "<group>"; };
		94A5D2F72B7357FC00BF478D /* PersonViewData.swift */ = {isa = PBXFileReference; fileEncoding = 4; lastKnownFileType = sourcecode.swift; path = PersonViewData.swift; sourceTree = "<group>"; };
		94A5D2F82B7357FC00BF478D /* PersonDataProvider.swift */ = {isa = PBXFileReference; fileEncoding = 4; lastKnownFileType = sourcecode.swift; path = PersonDataProvider.swift; sourceTree = "<group>"; };
		94A5D2F92B7357FC00BF478D /* PersonAssembly.swift */ = {isa = PBXFileReference; fileEncoding = 4; lastKnownFileType = sourcecode.swift; path = PersonAssembly.swift; sourceTree = "<group>"; };
		94A5D3002B737CC400BF478D /* Episode.swift */ = {isa = PBXFileReference; lastKnownFileType = sourcecode.swift; path = Episode.swift; sourceTree = "<group>"; };
/* End PBXFileReference section */

/* Begin PBXFrameworksBuildPhase section */
		3F0712872AE11D2800B98A82 /* Frameworks */ = {
			isa = PBXFrameworksBuildPhase;
			buildActionMask = 2147483647;
			files = (
				3F0713502B105C4700B98A82 /* PKHUD in Frameworks */,
				3F0713532B105C5E00B98A82 /* SPIndicator in Frameworks */,
				3F0713B62B273BB700B98A82 /* KeychainAccess in Frameworks */,
			);
			runOnlyForDeploymentPostprocessing = 0;
		};
/* End PBXFrameworksBuildPhase section */

/* Begin PBXGroup section */
		3F0712812AE11D2700B98A82 = {
			isa = PBXGroup;
			children = (
				3F07128C2AE11D2800B98A82 /* iosSchool_HH */,
				3F07128B2AE11D2800B98A82 /* Products */,
			);
			sourceTree = "<group>";
		};
		3F07128B2AE11D2800B98A82 /* Products */ = {
			isa = PBXGroup;
			children = (
				3F07128A2AE11D2800B98A82 /* iosSchool_HH.app */,
			);
			name = Products;
			sourceTree = "<group>";
		};
		3F07128C2AE11D2800B98A82 /* iosSchool_HH */ = {
			isa = PBXGroup;
			children = (
				3F0713932B21F3D100B98A82 /* UIKit */,
				3F0713802B18CC5200B98A82 /* Services */,
				3F0713752B14D79300B98A82 /* Extensions */,
				3F0712F62B06407800B98A82 /* Common */,
				3F0712EA2B025AE300B98A82 /* ApiClient */,
				3F0712E32B02512300B98A82 /* Models */,
				3F0712BB2AF9224600B98A82 /* Modules */,
				3F07128D2AE11D2800B98A82 /* AppDelegate.swift */,
				3F07128F2AE11D2800B98A82 /* SceneDelegate.swift */,
				3F0712962AE11D2B00B98A82 /* Assets.xcassets */,
				3F0712982AE11D2B00B98A82 /* LaunchScreen.storyboard */,
				3F07129B2AE11D2B00B98A82 /* Info.plist */,
				3F0712A82AEAA5EE00B98A82 /* Assembly.swift */,
				3F0712B62AF9194000B98A82 /* AppCoordinator.swift */,
			);
			path = iosSchool_HH;
			sourceTree = "<group>";
		};
		3F0712BB2AF9224600B98A82 /* Modules */ = {
			isa = PBXGroup;
			children = (
				3FA03B232B3C667C00C5523C /* UserProfile */,
				3F0713B82B2B224400B98A82 /* Person */,
				3F07132A2B0E31A400B98A82 /* Character */,
				3F07131C2B0E17B500B98A82 /* Location */,
				3F0712D62AFE393500B98A82 /* Registration */,
				3F0712C92AFD128C00B98A82 /* Splash */,
				3F0712BC2AF9225700B98A82 /* Auth */,
			);
			path = Modules;
			sourceTree = "<group>";
		};
		3F0712BC2AF9225700B98A82 /* Auth */ = {
			isa = PBXGroup;
			children = (
				3F0712F92B0642C100B98A82 /* Subviews */,
				3F0712BD2AF922E100B98A82 /* AuthViewController.swift */,
				3F0712BF2AF9230E00B98A82 /* AuthView.swift */,
				3F0712C12AF9242B00B98A82 /* AuthViewData.swift */,
				3F0712C32AF9245700B98A82 /* AuthDataProvider.swift */,
				3F0712C52AF9249500B98A82 /* AuthAssembly.swift */,
				3F0712C72AF9261600B98A82 /* AuthCoordinator.swift */,
			);
			path = Auth;
			sourceTree = "<group>";
		};
		3F0712C92AFD128C00B98A82 /* Splash */ = {
			isa = PBXGroup;
			children = (
				3F07137B2B173CB100B98A82 /* Subviews */,
				3F0712CA2AFD12BE00B98A82 /* SplashDataProvider.swift */,
				3F0712CC2AFD12FA00B98A82 /* SplashViewData.swift */,
				3F0712CE2AFD131D00B98A82 /* SplashView.swift */,
				3F0712D02AFD138000B98A82 /* SplashViewController.swift */,
				3F0712D22AFD141B00B98A82 /* SplashCoordinator.swift */,
				3F0712D42AFD147200B98A82 /* SplashAssembly.swift */,
			);
			path = Splash;
			sourceTree = "<group>";
		};
		3F0712D62AFE393500B98A82 /* Registration */ = {
			isa = PBXGroup;
			children = (
				3F07135C2B11D10600B98A82 /* Subviews */,
				3F0712D72AFE398500B98A82 /* RegistrationView.swift */,
				3F0712D92AFE3A2B00B98A82 /* RegistrationAssembly.swift */,
				3F0712DB2AFE3C2F00B98A82 /* RegistrationCoordinator.swift */,
				3F0712DD2AFE3D6C00B98A82 /* RegistrationViewController.swift */,
				3F0712DF2AFE3F7200B98A82 /* RegistrationViewData.swift */,
				3F0712E12AFE3FB000B98A82 /* RegistrationDataProvider.swift */,
			);
			path = Registration;
			sourceTree = "<group>";
		};
		3F0712E32B02512300B98A82 /* Models */ = {
			isa = PBXGroup;
			children = (
				3F0712E82B025A4400B98A82 /* TokenResponse.swift */,
				94A5D3002B737CC400BF478D /* Episode.swift */,
				9447CC052B92F7B800AA35CA /* UserProfile.swift */,
			);
			path = Models;
			sourceTree = "<group>";
		};
		3F0712EA2B025AE300B98A82 /* ApiClient */ = {
			isa = PBXGroup;
			children = (
				94A5D2F22B7350B000BF478D /* ApiClient.swift */,
				3F0712EF2B025B6400B98A82 /* NetworkConstants.swift */,
				3F0712F12B025CB700B98A82 /* ApiError.swift */,
				3F0712F32B02601900B98A82 /* AuthApiClient.swift */,
				3F07131A2B0DF18700B98A82 /* RegistrationApiClient.swift */,
				3F0713222B0E197D00B98A82 /* LocationApiClient.swift */,
				3F0713332B0E32B100B98A82 /* CharacterApiClient.swift */,
				3F0713C72B2B228800B98A82 /* PersonApiClient.swift */,
				941261CD2B85C2A100361141 /* UserProfileApiClient.swift */,
			);
			path = ApiClient;
			sourceTree = "<group>";
		};
		3F0712F62B06407800B98A82 /* Common */ = {
			isa = PBXGroup;
			children = (
				3F0712B82AF9197B00B98A82 /* BaseCoordinator.swift */,
				3F0712F72B0640A900B98A82 /* BaseViewController.swift */,
				3F0713542B105CE200B98A82 /* RootTabBar.swift */,
				3F0713562B105DB000B98A82 /* TabBarController.swift */,
				3F0713582B10624700B98A82 /* BaseNavigationController.swift */,
			);
			path = Common;
			sourceTree = "<group>";
		};
		3F0712F92B0642C100B98A82 /* Subviews */ = {
			isa = PBXGroup;
			children = (
				3F0714392B38320C00B98A82 /* AuthViewImp.xib */,
			);
			path = Subviews;
			sourceTree = "<group>";
		};
		3F07131C2B0E17B500B98A82 /* Location */ = {
			isa = PBXGroup;
			children = (
				3F07136E2B14D1C400B98A82 /* Subviews */,
				3F0712E62B0259C700B98A82 /* LocationsList.swift */,
				3F07131E2B0E180A00B98A82 /* LocationDataProvider.swift */,
				3F0713202B0E181E00B98A82 /* LocationViewController.swift */,
				3F0713242B0E19AF00B98A82 /* Location.swift */,
				3F0713262B0E1CF700B98A82 /* LocationAssembly.swift */,
				3F0713282B0E1D3F00B98A82 /* LocationCoordinator.swift */,
				3F07136A2B14C25F00B98A82 /* LocationView.swift */,
				3F07136C2B14D18300B98A82 /* LocationViewData.swift */,
			);
			path = Location;
			sourceTree = "<group>";
		};
		3F07132A2B0E31A400B98A82 /* Character */ = {
			isa = PBXGroup;
			children = (
				3F0713AC2B22040900B98A82 /* Subviews */,
				3F07132B2B0E31FC00B98A82 /* CharacterAssembly.swift */,
				3F07132D2B0E320E00B98A82 /* CharacterCoordinator.swift */,
				3F07132F2B0E322800B98A82 /* CharacterViewController.swift */,
				3F0713312B0E324800B98A82 /* CharacterDataProvider.swift */,
				3F0713352B0E350800B98A82 /* Character.swift */,
				3F0713A72B21FFB200B98A82 /* CharacterView.swift */,
				3F0713AA2B2203F700B98A82 /* CharacterViewData.swift */,
			);
			path = Character;
			sourceTree = "<group>";
		};
		3F07135C2B11D10600B98A82 /* Subviews */ = {
			isa = PBXGroup;
			children = (
				3F07135D2B11D12300B98A82 /* RegistrationViewImp.xib */,
			);
			path = Subviews;
			sourceTree = "<group>";
		};
		3F07136E2B14D1C400B98A82 /* Subviews */ = {
			isa = PBXGroup;
			children = (
				3F07136F2B14D1FC00B98A82 /* LocationCell.swift */,
				3F0714402B394EE700B98A82 /* LocationCell.xib */,
				3F0713732B14D4D900B98A82 /* LocationCellData.swift */,
			);
			path = Subviews;
			sourceTree = "<group>";
		};
		3F0713752B14D79300B98A82 /* Extensions */ = {
			isa = PBXGroup;
			children = (
				3F0713792B17208C00B98A82 /* UITextField+LeftPadding.swift */,
				3F0713762B14D7AD00B98A82 /* NSObject+ClassName.swift */,
				3F0713A52B21FD6600B98A82 /* UICollectionView+Registrate.swift */,
				3F0713F52B2B429200B98A82 /* NSCollectionLayoutSection+SupplementaryItem.swift */,
			);
			path = Extensions;
			sourceTree = "<group>";
		};
		3F07137B2B173CB100B98A82 /* Subviews */ = {
			isa = PBXGroup;
			children = (
				3F07137C2B173CE500B98A82 /* SplashViewImp.xib */,
			);
			path = Subviews;
			sourceTree = "<group>";
		};
		3F0713802B18CC5200B98A82 /* Services */ = {
			isa = PBXGroup;
			children = (
				3F0713812B18CC7100B98A82 /* ImageService.swift */,
				3F07139C2B21F5D500B98A82 /* StorageManager.swift */,
			);
			path = Services;
			sourceTree = "<group>";
		};
		3F0713932B21F3D100B98A82 /* UIKit */ = {
			isa = PBXGroup;
			children = (
				3F07143B2B389B6A00B98A82 /* UIElement */,
				3F0713A22B21FB6A00B98A82 /* CollectionView */,
			);
			path = UIKit;
			sourceTree = "<group>";
		};
		3F0713A22B21FB6A00B98A82 /* CollectionView */ = {
			isa = PBXGroup;
			children = (
				3F0713942B21F41400B98A82 /* CoreNibReusable.swift */,
				3F0713A32B21FCD300B98A82 /* Section.swift */,
				3F0713962B21F43F00B98A82 /* CoreCellInputData.swift */,
				3F0713982B21F49700B98A82 /* CoreCellView.swift */,
				3F07139A2B21F55800B98A82 /* CoreReusableView.swift */,
				3F07139E2B21F6F300B98A82 /* EmptyReusableView.swift */,
				3F0713A02B21FB4A00B98A82 /* CoreSection.swift */,
			);
			path = CollectionView;
			sourceTree = "<group>";
		};
		3F0713AC2B22040900B98A82 /* Subviews */ = {
			isa = PBXGroup;
			children = (
				3F0713AD2B22043D00B98A82 /* CharacterCell.swift */,
				3F0713AE2B22043D00B98A82 /* CharacterCell.xib */,
				3F0713B12B2204D000B98A82 /* CharacterCellData.swift */,
			);
			path = Subviews;
			sourceTree = "<group>";
		};
		3F0713B82B2B224400B98A82 /* Person */ = {
			isa = PBXGroup;
			children = (
				3F0713D82B2B2B9F00B98A82 /* Subview */,
				94A5D2F92B7357FC00BF478D /* PersonAssembly.swift */,
				94A5D2F42B7357FC00BF478D /* PersonCoordinator.swift */,
				94A5D2F82B7357FC00BF478D /* PersonDataProvider.swift */,
				94A5D2F52B7357FC00BF478D /* PersonView.swift */,
				94A5D2F62B7357FC00BF478D /* PersonViewController.swift */,
				94A5D2F72B7357FC00BF478D /* PersonViewData.swift */,
			);
			path = Person;
			sourceTree = "<group>";
		};
		3F0713D82B2B2B9F00B98A82 /* Subview */ = {
			isa = PBXGroup;
			children = (
				3F0713DC2B2B2BAE00B98A82 /* PersonCellData.swift */,
				3F0713E92B2B311900B98A82 /* PersonPhotoCell.xib */,
				3F0713EB2B2B313200B98A82 /* PersonPhotoCell.swift */,
				3F0713ED2B2B313F00B98A82 /* PersonPhotoCellData.swift */,
				3F0713EF2B2B3C2A00B98A82 /* PersonEpisodeCell.swift */,
				3F0713F02B2B3C2A00B98A82 /* PersonEpisodeCell.xib */,
				3F0713F32B2B3CD300B98A82 /* PersonEpisodeCellData.swift */,
				3F0713F72B2B42FC00B98A82 /* PersonHeaderView.swift */,
				3F0713F82B2B42FC00B98A82 /* PersonHeaderView.xib */,
				3F0713FB2B2B438300B98A82 /* PersonHeaderViewData.swift */,
				9447CC012B8F067200AA35CA /* PersonSizeCell.swift */,
			);
			path = Subview;
			sourceTree = "<group>";
		};
		3F07143B2B389B6A00B98A82 /* UIElement */ = {
			isa = PBXGroup;
			children = (
				3F07143C2B389B9700B98A82 /* BaseTextField.swift */,
				9447CC032B91C31C00AA35CA /* CustomTextField.swift */,
			);
			path = UIElement;
			sourceTree = "<group>";
		};
		3FA03B232B3C667C00C5523C /* UserProfile */ = {
			isa = PBXGroup;
			children = (
				941261CF2B85CAF100361141 /* Subviews */,
				3FA03B242B3C67BA00C5523C /* UserProfileAssembly.swift */,
				3FA03B262B3C691D00C5523C /* UserProfileCoordinator.swift */,
				3FA03B282B3C6CB200C5523C /* UserProfileViewController.swift */,
				3FA03B2A2B3C6DB600C5523C /* UserProfileDataProvider.swift */,
				9449EC852B8C413D00756CA4 /* UserProfileView.swift */,
				9449EC872B8C44EA00756CA4 /* UserProfileViewData.swift */,
			);
			path = UserProfile;
			sourceTree = "<group>";
		};
		941261CF2B85CAF100361141 /* Subviews */ = {
			isa = PBXGroup;
			children = (
				941261D02B85D9FA00361141 /* UserProfileDateColorCell.swift */,
				941261D22B85DA4500361141 /* UserProfileColorCell.xib */,
				941261D42B85DA8C00361141 /* UserProfileDateColorCellData.swift */,
				941261D62B85DAAE00361141 /* UserProfileLogoutCell.swift */,
				941261D82B85E07000361141 /* UserProfileLogoutCell.xib */,
				941261DA2B85E0CB00361141 /* UserProfileLogoutCellData.swift */,
				941261DC2B85E0F700361141 /* UserProfilePhotoCell.swift */,
				941261E02B85E47D00361141 /* UserProfilePhotoCell.xib */,
				941261E22B85E97F00361141 /* UserProfileUsernameCell.xib */,
				941261E42B85EA2D00361141 /* UserProfileUsernameCellData.swift */,
				941261E62B85EA8D00361141 /* UserProfileUsernameCell.swift */,
				941261E82B85EACE00361141 /* UserProfileSizeCell.swift */,
				941261EA2B85F21400361141 /* UserProfilePhotoCellData.swift */,
				9449EC892B8C45B700756CA4 /* UserProfileButtonCellData.swift */,
				9449EC8B2B8C45F000756CA4 /* UserProfileLoginCellData.swift */,
				9449EC8D2B8C462000756CA4 /* UserProfileInfoCellData.swift */,
			);
			path = Subviews;
			sourceTree = "<group>";
		};
/* End PBXGroup section */

/* Begin PBXNativeTarget section */
		3F0712892AE11D2800B98A82 /* iosSchool_HH */ = {
			isa = PBXNativeTarget;
			buildConfigurationList = 3F07129E2AE11D2B00B98A82 /* Build configuration list for PBXNativeTarget "iosSchool_HH" */;
			buildPhases = (
				3F0712862AE11D2800B98A82 /* Sources */,
				3F0712872AE11D2800B98A82 /* Frameworks */,
				3F0712882AE11D2800B98A82 /* Resources */,
				3F0712A32AE6AB0F00B98A82 /* SwiftLint */,
			);
			buildRules = (
			);
			dependencies = (
			);
			name = iosSchool_HH;
			packageProductDependencies = (
				3F07134F2B105C4700B98A82 /* PKHUD */,
				3F0713522B105C5E00B98A82 /* SPIndicator */,
				3F0713B52B273BB700B98A82 /* KeychainAccess */,
			);
			productName = iosSchool_HH;
			productReference = 3F07128A2AE11D2800B98A82 /* iosSchool_HH.app */;
			productType = "com.apple.product-type.application";
		};
/* End PBXNativeTarget section */

/* Begin PBXProject section */
		3F0712822AE11D2700B98A82 /* Project object */ = {
			isa = PBXProject;
			attributes = {
				BuildIndependentTargetsInParallel = 1;
				LastSwiftUpdateCheck = 1500;
				LastUpgradeCheck = 1500;
				TargetAttributes = {
					3F0712892AE11D2800B98A82 = {
						CreatedOnToolsVersion = 15.0;
					};
				};
			};
			buildConfigurationList = 3F0712852AE11D2700B98A82 /* Build configuration list for PBXProject "iosSchool_HH" */;
			compatibilityVersion = "Xcode 14.0";
			developmentRegion = en;
			hasScannedForEncodings = 0;
			knownRegions = (
				en,
				Base,
			);
			mainGroup = 3F0712812AE11D2700B98A82;
			packageReferences = (
				3F07134E2B105C4700B98A82 /* XCRemoteSwiftPackageReference "PKHUD" */,
				3F0713512B105C5E00B98A82 /* XCRemoteSwiftPackageReference "SPIndicator" */,
				3F0713B42B273BB700B98A82 /* XCRemoteSwiftPackageReference "KeychainAccess" */,
			);
			productRefGroup = 3F07128B2AE11D2800B98A82 /* Products */;
			projectDirPath = "";
			projectRoot = "";
			targets = (
				3F0712892AE11D2800B98A82 /* iosSchool_HH */,
			);
		};
/* End PBXProject section */

/* Begin PBXResourcesBuildPhase section */
		3F0712882AE11D2800B98A82 /* Resources */ = {
			isa = PBXResourcesBuildPhase;
			buildActionMask = 2147483647;
			files = (
				3F07137D2B173CE500B98A82 /* SplashViewImp.xib in Resources */,
				3F0713FA2B2B42FC00B98A82 /* PersonHeaderView.xib in Resources */,
				3F0713F22B2B3C2A00B98A82 /* PersonEpisodeCell.xib in Resources */,
				3F0713B02B22043D00B98A82 /* CharacterCell.xib in Resources */,
				941261D92B85E07000361141 /* UserProfileLogoutCell.xib in Resources */,
				941261D32B85DA4500361141 /* UserProfileColorCell.xib in Resources */,
				3F07135E2B11D12300B98A82 /* RegistrationViewImp.xib in Resources */,
				941261E12B85E47D00361141 /* UserProfilePhotoCell.xib in Resources */,
				3F0714412B394EE700B98A82 /* LocationCell.xib in Resources */,
				3F07143A2B38320C00B98A82 /* AuthViewImp.xib in Resources */,
				941261E32B85E97F00361141 /* UserProfileUsernameCell.xib in Resources */,
				3F07129A2AE11D2B00B98A82 /* LaunchScreen.storyboard in Resources */,
				3F0712972AE11D2B00B98A82 /* Assets.xcassets in Resources */,
				3F0713EA2B2B311900B98A82 /* PersonPhotoCell.xib in Resources */,
			);
			runOnlyForDeploymentPostprocessing = 0;
		};
/* End PBXResourcesBuildPhase section */

/* Begin PBXShellScriptBuildPhase section */
		3F0712A32AE6AB0F00B98A82 /* SwiftLint */ = {
			isa = PBXShellScriptBuildPhase;
			buildActionMask = 2147483647;
			files = (
			);
			inputFileListPaths = (
			);
			inputPaths = (
			);
			name = SwiftLint;
			outputFileListPaths = (
			);
			outputPaths = (
			);
			runOnlyForDeploymentPostprocessing = 0;
			shellPath = /bin/sh;
			shellScript = "#export PATH=\"$PATH:/local/bin/swiftlint\"\nif which swiftlint > /dev/null; then\n  swiftlint\nelse\n  echo \"warning: SwiftLint not installed\"\nfi\n";
			showEnvVarsInLog = 0;
		};
/* End PBXShellScriptBuildPhase section */

/* Begin PBXSourcesBuildPhase section */
		3F0712862AE11D2800B98A82 /* Sources */ = {
			isa = PBXSourcesBuildPhase;
			buildActionMask = 2147483647;
			files = (
				9449EC8A2B8C45B700756CA4 /* UserProfileButtonCellData.swift in Sources */,
				3F0713C82B2B228800B98A82 /* PersonApiClient.swift in Sources */,
				9447CC062B92F7B800AA35CA /* UserProfile.swift in Sources */,
				3F0713992B21F49700B98A82 /* CoreCellView.swift in Sources */,
				3F0713232B0E197D00B98A82 /* LocationApiClient.swift in Sources */,
				3F07139B2B21F55800B98A82 /* CoreReusableView.swift in Sources */,
				3FA03B252B3C67BA00C5523C /* UserProfileAssembly.swift in Sources */,
				3F0713AF2B22043D00B98A82 /* CharacterCell.swift in Sources */,
				3F0713952B21F41500B98A82 /* CoreNibReusable.swift in Sources */,
				3F0713F92B2B42FC00B98A82 /* PersonHeaderView.swift in Sources */,
				941261D52B85DA8C00361141 /* UserProfileDateColorCellData.swift in Sources */,
				3F0713742B14D4D900B98A82 /* LocationCellData.swift in Sources */,
				3F07136B2B14C25F00B98A82 /* LocationView.swift in Sources */,
				3F0712F82B0640A900B98A82 /* BaseViewController.swift in Sources */,
				3F0713552B105CE200B98A82 /* RootTabBar.swift in Sources */,
				3FA03B272B3C691D00C5523C /* UserProfileCoordinator.swift in Sources */,
				3F0712E92B025A4400B98A82 /* TokenResponse.swift in Sources */,
				94A5D2FB2B7357FC00BF478D /* PersonView.swift in Sources */,
				3F0713A42B21FCD300B98A82 /* Section.swift in Sources */,
				3FA03B292B3C6CB200C5523C /* UserProfileViewController.swift in Sources */,
				3F0712CF2AFD131D00B98A82 /* SplashView.swift in Sources */,
				3F07132E2B0E320E00B98A82 /* CharacterCoordinator.swift in Sources */,
				94A5D2FD2B7357FC00BF478D /* PersonViewData.swift in Sources */,
				3F0712DC2AFE3C2F00B98A82 /* RegistrationCoordinator.swift in Sources */,
				3F0713A12B21FB4A00B98A82 /* CoreSection.swift in Sources */,
				9449EC8E2B8C462000756CA4 /* UserProfileInfoCellData.swift in Sources */,
				3F0713F42B2B3CD300B98A82 /* PersonEpisodeCellData.swift in Sources */,
				3F0712D82AFE398500B98A82 /* RegistrationView.swift in Sources */,
				3F07137A2B17208C00B98A82 /* UITextField+LeftPadding.swift in Sources */,
				3F0712D12AFD138000B98A82 /* SplashViewController.swift in Sources */,
				94A5D2FC2B7357FC00BF478D /* PersonViewController.swift in Sources */,
				3F07136D2B14D18300B98A82 /* LocationViewData.swift in Sources */,
				3F0713272B0E1CF700B98A82 /* LocationAssembly.swift in Sources */,
				3F0713362B0E350800B98A82 /* Character.swift in Sources */,
				941261CE2B85C2A100361141 /* UserProfileApiClient.swift in Sources */,
				3F0712A92AEAA5EE00B98A82 /* Assembly.swift in Sources */,
				3F0712DA2AFE3A2B00B98A82 /* RegistrationAssembly.swift in Sources */,
				3F0713A82B21FFB200B98A82 /* CharacterView.swift in Sources */,
				3F07139D2B21F5D500B98A82 /* StorageManager.swift in Sources */,
				3F07143D2B389B9700B98A82 /* BaseTextField.swift in Sources */,
				3F0712D32AFD141B00B98A82 /* SplashCoordinator.swift in Sources */,
				3F0713772B14D7AD00B98A82 /* NSObject+ClassName.swift in Sources */,
				3F0713AB2B2203F800B98A82 /* CharacterViewData.swift in Sources */,
				3F07139F2B21F6F300B98A82 /* EmptyReusableView.swift in Sources */,
				3F0712B72AF9194000B98A82 /* AppCoordinator.swift in Sources */,
				941261EB2B85F21400361141 /* UserProfilePhotoCellData.swift in Sources */,
				3F0712C82AF9261600B98A82 /* AuthCoordinator.swift in Sources */,
				3F0713252B0E19AF00B98A82 /* Location.swift in Sources */,
				3F07132C2B0E31FC00B98A82 /* CharacterAssembly.swift in Sources */,
				3F0713302B0E322800B98A82 /* CharacterViewController.swift in Sources */,
				3F0712F02B025B6400B98A82 /* NetworkConstants.swift in Sources */,
				94A5D2FA2B7357FC00BF478D /* PersonCoordinator.swift in Sources */,
				9449EC862B8C413D00756CA4 /* UserProfileView.swift in Sources */,
				9447CC042B91C31C00AA35CA /* CustomTextField.swift in Sources */,
				3F0713212B0E181E00B98A82 /* LocationViewController.swift in Sources */,
				3F07131F2B0E180A00B98A82 /* LocationDataProvider.swift in Sources */,
				94A5D3012B737CC400BF478D /* Episode.swift in Sources */,
				3F0713972B21F43F00B98A82 /* CoreCellInputData.swift in Sources */,
				3FA03B2B2B3C6DB600C5523C /* UserProfileDataProvider.swift in Sources */,
				3F07128E2AE11D2800B98A82 /* AppDelegate.swift in Sources */,
				3F0713822B18CC7100B98A82 /* ImageService.swift in Sources */,
				3F0712C22AF9242B00B98A82 /* AuthViewData.swift in Sources */,
				3F0713E12B2B2BAE00B98A82 /* PersonCellData.swift in Sources */,
				3F0713572B105DB000B98A82 /* TabBarController.swift in Sources */,
				3F0713F12B2B3C2A00B98A82 /* PersonEpisodeCell.swift in Sources */,
				941261DB2B85E0CB00361141 /* UserProfileLogoutCellData.swift in Sources */,
				3F0713EC2B2B313200B98A82 /* PersonPhotoCell.swift in Sources */,
				3F0712C02AF9230E00B98A82 /* AuthView.swift in Sources */,
				941261D12B85D9FA00361141 /* UserProfileDateColorCell.swift in Sources */,
				941261E92B85EACE00361141 /* UserProfileSizeCell.swift in Sources */,
				3F0712C42AF9245700B98A82 /* AuthDataProvider.swift in Sources */,
				3F0712902AE11D2800B98A82 /* SceneDelegate.swift in Sources */,
				3F0713A62B21FD6600B98A82 /* UICollectionView+Registrate.swift in Sources */,
				3F0713322B0E324800B98A82 /* CharacterDataProvider.swift in Sources */,
				3F0713342B0E32B100B98A82 /* CharacterApiClient.swift in Sources */,
				94A5D2F32B7350B100BF478D /* ApiClient.swift in Sources */,
				941261E72B85EA8D00361141 /* UserProfileUsernameCell.swift in Sources */,
				941261D72B85DAAE00361141 /* UserProfileLogoutCell.swift in Sources */,
				3F0713292B0E1D4000B98A82 /* LocationCoordinator.swift in Sources */,
				3F0712BE2AF922E100B98A82 /* AuthViewController.swift in Sources */,
				3F0712DE2AFE3D6C00B98A82 /* RegistrationViewController.swift in Sources */,
				3F0712B92AF9197B00B98A82 /* BaseCoordinator.swift in Sources */,
				3F0712E02AFE3F7200B98A82 /* RegistrationViewData.swift in Sources */,
				94A5D2FF2B7357FC00BF478D /* PersonAssembly.swift in Sources */,
				94A5D2FE2B7357FC00BF478D /* PersonDataProvider.swift in Sources */,
				3F0712F22B025CB700B98A82 /* ApiError.swift in Sources */,
				9447CC022B8F067200AA35CA /* PersonSizeCell.swift in Sources */,
				3F0713B22B2204D000B98A82 /* CharacterCellData.swift in Sources */,
				3F0713EE2B2B313F00B98A82 /* PersonPhotoCellData.swift in Sources */,
				3F0712E72B0259C700B98A82 /* LocationsList.swift in Sources */,
				3F0712F42B02601900B98A82 /* AuthApiClient.swift in Sources */,
				3F0712E22AFE3FB000B98A82 /* RegistrationDataProvider.swift in Sources */,
				3F0712C62AF9249500B98A82 /* AuthAssembly.swift in Sources */,
				3F0712CB2AFD12BE00B98A82 /* SplashDataProvider.swift in Sources */,
				9449EC882B8C44EA00756CA4 /* UserProfileViewData.swift in Sources */,
				3F0713FC2B2B438300B98A82 /* PersonHeaderViewData.swift in Sources */,
				3F07131B2B0DF18700B98A82 /* RegistrationApiClient.swift in Sources */,
				3F0713592B10624700B98A82 /* BaseNavigationController.swift in Sources */,
				941261E52B85EA2D00361141 /* UserProfileUsernameCellData.swift in Sources */,
				3F0713712B14D1FC00B98A82 /* LocationCell.swift in Sources */,
				9449EC8C2B8C45F000756CA4 /* UserProfileLoginCellData.swift in Sources */,
				3F0712D52AFD147200B98A82 /* SplashAssembly.swift in Sources */,
				3F0712CD2AFD12FA00B98A82 /* SplashViewData.swift in Sources */,
				3F0713F62B2B429200B98A82 /* NSCollectionLayoutSection+SupplementaryItem.swift in Sources */,
				941261DD2B85E0F700361141 /* UserProfilePhotoCell.swift in Sources */,
			);
			runOnlyForDeploymentPostprocessing = 0;
		};
/* End PBXSourcesBuildPhase section */

/* Begin PBXVariantGroup section */
		3F0712982AE11D2B00B98A82 /* LaunchScreen.storyboard */ = {
			isa = PBXVariantGroup;
			children = (
				3F0712992AE11D2B00B98A82 /* Base */,
			);
			name = LaunchScreen.storyboard;
			sourceTree = "<group>";
		};
/* End PBXVariantGroup section */

/* Begin XCBuildConfiguration section */
		3F07129C2AE11D2B00B98A82 /* Debug */ = {
			isa = XCBuildConfiguration;
			buildSettings = {
				ALWAYS_SEARCH_USER_PATHS = NO;
				ASSETCATALOG_COMPILER_GENERATE_SWIFT_ASSET_SYMBOL_EXTENSIONS = YES;
				CLANG_ANALYZER_NONNULL = YES;
				CLANG_ANALYZER_NUMBER_OBJECT_CONVERSION = YES_AGGRESSIVE;
				CLANG_CXX_LANGUAGE_STANDARD = "gnu++20";
				CLANG_ENABLE_MODULES = YES;
				CLANG_ENABLE_OBJC_ARC = YES;
				CLANG_ENABLE_OBJC_WEAK = YES;
				CLANG_WARN_BLOCK_CAPTURE_AUTORELEASING = YES;
				CLANG_WARN_BOOL_CONVERSION = YES;
				CLANG_WARN_COMMA = YES;
				CLANG_WARN_CONSTANT_CONVERSION = YES;
				CLANG_WARN_DEPRECATED_OBJC_IMPLEMENTATIONS = YES;
				CLANG_WARN_DIRECT_OBJC_ISA_USAGE = YES_ERROR;
				CLANG_WARN_DOCUMENTATION_COMMENTS = YES;
				CLANG_WARN_EMPTY_BODY = YES;
				CLANG_WARN_ENUM_CONVERSION = YES;
				CLANG_WARN_INFINITE_RECURSION = YES;
				CLANG_WARN_INT_CONVERSION = YES;
				CLANG_WARN_NON_LITERAL_NULL_CONVERSION = YES;
				CLANG_WARN_OBJC_IMPLICIT_RETAIN_SELF = YES;
				CLANG_WARN_OBJC_LITERAL_CONVERSION = YES;
				CLANG_WARN_OBJC_ROOT_CLASS = YES_ERROR;
				CLANG_WARN_QUOTED_INCLUDE_IN_FRAMEWORK_HEADER = YES;
				CLANG_WARN_RANGE_LOOP_ANALYSIS = YES;
				CLANG_WARN_STRICT_PROTOTYPES = YES;
				CLANG_WARN_SUSPICIOUS_MOVE = YES;
				CLANG_WARN_UNGUARDED_AVAILABILITY = YES_AGGRESSIVE;
				CLANG_WARN_UNREACHABLE_CODE = YES;
				CLANG_WARN__DUPLICATE_METHOD_MATCH = YES;
				COPY_PHASE_STRIP = NO;
				DEBUG_INFORMATION_FORMAT = dwarf;
				ENABLE_STRICT_OBJC_MSGSEND = YES;
				ENABLE_TESTABILITY = YES;
				ENABLE_USER_SCRIPT_SANDBOXING = YES;
				GCC_C_LANGUAGE_STANDARD = gnu17;
				GCC_DYNAMIC_NO_PIC = NO;
				GCC_NO_COMMON_BLOCKS = YES;
				GCC_OPTIMIZATION_LEVEL = 0;
				GCC_PREPROCESSOR_DEFINITIONS = (
					"DEBUG=1",
					"$(inherited)",
				);
				GCC_WARN_64_TO_32_BIT_CONVERSION = YES;
				GCC_WARN_ABOUT_RETURN_TYPE = YES_ERROR;
				GCC_WARN_UNDECLARED_SELECTOR = YES;
				GCC_WARN_UNINITIALIZED_AUTOS = YES_AGGRESSIVE;
				GCC_WARN_UNUSED_FUNCTION = YES;
				GCC_WARN_UNUSED_VARIABLE = YES;
				IPHONEOS_DEPLOYMENT_TARGET = 17.0;
				LOCALIZATION_PREFERS_STRING_CATALOGS = YES;
				MTL_ENABLE_DEBUG_INFO = INCLUDE_SOURCE;
				MTL_FAST_MATH = YES;
				ONLY_ACTIVE_ARCH = YES;
				SDKROOT = iphoneos;
				SWIFT_ACTIVE_COMPILATION_CONDITIONS = "DEBUG $(inherited)";
				SWIFT_OPTIMIZATION_LEVEL = "-Onone";
			};
			name = Debug;
		};
		3F07129D2AE11D2B00B98A82 /* Release */ = {
			isa = XCBuildConfiguration;
			buildSettings = {
				ALWAYS_SEARCH_USER_PATHS = NO;
				ASSETCATALOG_COMPILER_GENERATE_SWIFT_ASSET_SYMBOL_EXTENSIONS = YES;
				CLANG_ANALYZER_NONNULL = YES;
				CLANG_ANALYZER_NUMBER_OBJECT_CONVERSION = YES_AGGRESSIVE;
				CLANG_CXX_LANGUAGE_STANDARD = "gnu++20";
				CLANG_ENABLE_MODULES = YES;
				CLANG_ENABLE_OBJC_ARC = YES;
				CLANG_ENABLE_OBJC_WEAK = YES;
				CLANG_WARN_BLOCK_CAPTURE_AUTORELEASING = YES;
				CLANG_WARN_BOOL_CONVERSION = YES;
				CLANG_WARN_COMMA = YES;
				CLANG_WARN_CONSTANT_CONVERSION = YES;
				CLANG_WARN_DEPRECATED_OBJC_IMPLEMENTATIONS = YES;
				CLANG_WARN_DIRECT_OBJC_ISA_USAGE = YES_ERROR;
				CLANG_WARN_DOCUMENTATION_COMMENTS = YES;
				CLANG_WARN_EMPTY_BODY = YES;
				CLANG_WARN_ENUM_CONVERSION = YES;
				CLANG_WARN_INFINITE_RECURSION = YES;
				CLANG_WARN_INT_CONVERSION = YES;
				CLANG_WARN_NON_LITERAL_NULL_CONVERSION = YES;
				CLANG_WARN_OBJC_IMPLICIT_RETAIN_SELF = YES;
				CLANG_WARN_OBJC_LITERAL_CONVERSION = YES;
				CLANG_WARN_OBJC_ROOT_CLASS = YES_ERROR;
				CLANG_WARN_QUOTED_INCLUDE_IN_FRAMEWORK_HEADER = YES;
				CLANG_WARN_RANGE_LOOP_ANALYSIS = YES;
				CLANG_WARN_STRICT_PROTOTYPES = YES;
				CLANG_WARN_SUSPICIOUS_MOVE = YES;
				CLANG_WARN_UNGUARDED_AVAILABILITY = YES_AGGRESSIVE;
				CLANG_WARN_UNREACHABLE_CODE = YES;
				CLANG_WARN__DUPLICATE_METHOD_MATCH = YES;
				COPY_PHASE_STRIP = NO;
				DEBUG_INFORMATION_FORMAT = "dwarf-with-dsym";
				ENABLE_NS_ASSERTIONS = NO;
				ENABLE_STRICT_OBJC_MSGSEND = YES;
				ENABLE_USER_SCRIPT_SANDBOXING = YES;
				GCC_C_LANGUAGE_STANDARD = gnu17;
				GCC_NO_COMMON_BLOCKS = YES;
				GCC_WARN_64_TO_32_BIT_CONVERSION = YES;
				GCC_WARN_ABOUT_RETURN_TYPE = YES_ERROR;
				GCC_WARN_UNDECLARED_SELECTOR = YES;
				GCC_WARN_UNINITIALIZED_AUTOS = YES_AGGRESSIVE;
				GCC_WARN_UNUSED_FUNCTION = YES;
				GCC_WARN_UNUSED_VARIABLE = YES;
				IPHONEOS_DEPLOYMENT_TARGET = 17.0;
				LOCALIZATION_PREFERS_STRING_CATALOGS = YES;
				MTL_ENABLE_DEBUG_INFO = NO;
				MTL_FAST_MATH = YES;
				SDKROOT = iphoneos;
				SWIFT_COMPILATION_MODE = wholemodule;
				VALIDATE_PRODUCT = YES;
			};
			name = Release;
		};
		3F07129F2AE11D2B00B98A82 /* Debug */ = {
			isa = XCBuildConfiguration;
			buildSettings = {
				ASSETCATALOG_COMPILER_APPICON_NAME = AppIcon;
				ASSETCATALOG_COMPILER_GLOBAL_ACCENT_COLOR_NAME = AccentColor;
				CODE_SIGN_STYLE = Automatic;
				CURRENT_PROJECT_VERSION = 1;
				DEVELOPMENT_TEAM = 95TC3M7268;
				ENABLE_USER_SCRIPT_SANDBOXING = NO;
				GENERATE_INFOPLIST_FILE = YES;
				INFOPLIST_FILE = iosSchool_HH/Info.plist;
				INFOPLIST_KEY_UIApplicationSupportsIndirectInputEvents = YES;
				INFOPLIST_KEY_UILaunchStoryboardName = LaunchScreen;
				INFOPLIST_KEY_UISupportedInterfaceOrientations_iPad = "UIInterfaceOrientationPortrait UIInterfaceOrientationPortraitUpsideDown UIInterfaceOrientationLandscapeLeft UIInterfaceOrientationLandscapeRight";
				INFOPLIST_KEY_UISupportedInterfaceOrientations_iPhone = "UIInterfaceOrientationPortrait UIInterfaceOrientationLandscapeLeft UIInterfaceOrientationLandscapeRight";
				LD_RUNPATH_SEARCH_PATHS = (
					"$(inherited)",
					"@executable_path/Frameworks",
				);
				MARKETING_VERSION = 1.0;
				PRODUCT_BUNDLE_IDENTIFIER = "-.iosSchool-HH";
				PRODUCT_NAME = "$(TARGET_NAME)";
				SWIFT_EMIT_LOC_STRINGS = YES;
				SWIFT_VERSION = 5.0;
				TARGETED_DEVICE_FAMILY = "1,2";
			};
			name = Debug;
		};
		3F0712A02AE11D2B00B98A82 /* Release */ = {
			isa = XCBuildConfiguration;
			buildSettings = {
				ASSETCATALOG_COMPILER_APPICON_NAME = AppIcon;
				ASSETCATALOG_COMPILER_GLOBAL_ACCENT_COLOR_NAME = AccentColor;
				CODE_SIGN_STYLE = Automatic;
				CURRENT_PROJECT_VERSION = 1;
				DEVELOPMENT_TEAM = 95TC3M7268;
				ENABLE_USER_SCRIPT_SANDBOXING = NO;
				GENERATE_INFOPLIST_FILE = YES;
				INFOPLIST_FILE = iosSchool_HH/Info.plist;
				INFOPLIST_KEY_UIApplicationSupportsIndirectInputEvents = YES;
				INFOPLIST_KEY_UILaunchStoryboardName = LaunchScreen;
				INFOPLIST_KEY_UISupportedInterfaceOrientations_iPad = "UIInterfaceOrientationPortrait UIInterfaceOrientationPortraitUpsideDown UIInterfaceOrientationLandscapeLeft UIInterfaceOrientationLandscapeRight";
				INFOPLIST_KEY_UISupportedInterfaceOrientations_iPhone = "UIInterfaceOrientationPortrait UIInterfaceOrientationLandscapeLeft UIInterfaceOrientationLandscapeRight";
				LD_RUNPATH_SEARCH_PATHS = (
					"$(inherited)",
					"@executable_path/Frameworks",
				);
				MARKETING_VERSION = 1.0;
				PRODUCT_BUNDLE_IDENTIFIER = "-.iosSchool-HH";
				PRODUCT_NAME = "$(TARGET_NAME)";
				SWIFT_EMIT_LOC_STRINGS = YES;
				SWIFT_VERSION = 5.0;
				TARGETED_DEVICE_FAMILY = "1,2";
			};
			name = Release;
		};
/* End XCBuildConfiguration section */

/* Begin XCConfigurationList section */
		3F0712852AE11D2700B98A82 /* Build configuration list for PBXProject "iosSchool_HH" */ = {
			isa = XCConfigurationList;
			buildConfigurations = (
				3F07129C2AE11D2B00B98A82 /* Debug */,
				3F07129D2AE11D2B00B98A82 /* Release */,
			);
			defaultConfigurationIsVisible = 0;
			defaultConfigurationName = Release;
		};
		3F07129E2AE11D2B00B98A82 /* Build configuration list for PBXNativeTarget "iosSchool_HH" */ = {
			isa = XCConfigurationList;
			buildConfigurations = (
				3F07129F2AE11D2B00B98A82 /* Debug */,
				3F0712A02AE11D2B00B98A82 /* Release */,
			);
			defaultConfigurationIsVisible = 0;
			defaultConfigurationName = Release;
		};
/* End XCConfigurationList section */

/* Begin XCRemoteSwiftPackageReference section */
		3F07134E2B105C4700B98A82 /* XCRemoteSwiftPackageReference "PKHUD" */ = {
			isa = XCRemoteSwiftPackageReference;
			repositoryURL = "https://github.com/pkluz/PKHUD.git";
			requirement = {
				kind = upToNextMajorVersion;
				minimumVersion = 5.4.0;
			};
		};
		3F0713512B105C5E00B98A82 /* XCRemoteSwiftPackageReference "SPIndicator" */ = {
			isa = XCRemoteSwiftPackageReference;
			repositoryURL = "https://github.com/ivanvorobei/SPIndicator";
			requirement = {
				kind = upToNextMajorVersion;
				minimumVersion = 1.6.5;
			};
		};
		3F0713B42B273BB700B98A82 /* XCRemoteSwiftPackageReference "KeychainAccess" */ = {
			isa = XCRemoteSwiftPackageReference;
			repositoryURL = "https://github.com/kishikawakatsumi/KeychainAccess.git";
			requirement = {
				branch = master;
				kind = branch;
			};
		};
/* End XCRemoteSwiftPackageReference section */

/* Begin XCSwiftPackageProductDependency section */
		3F07134F2B105C4700B98A82 /* PKHUD */ = {
			isa = XCSwiftPackageProductDependency;
			package = 3F07134E2B105C4700B98A82 /* XCRemoteSwiftPackageReference "PKHUD" */;
			productName = PKHUD;
		};
		3F0713522B105C5E00B98A82 /* SPIndicator */ = {
			isa = XCSwiftPackageProductDependency;
			package = 3F0713512B105C5E00B98A82 /* XCRemoteSwiftPackageReference "SPIndicator" */;
			productName = SPIndicator;
		};
		3F0713B52B273BB700B98A82 /* KeychainAccess */ = {
			isa = XCSwiftPackageProductDependency;
			package = 3F0713B42B273BB700B98A82 /* XCRemoteSwiftPackageReference "KeychainAccess" */;
			productName = KeychainAccess;
		};
/* End XCSwiftPackageProductDependency section */
	};
	rootObject = 3F0712822AE11D2700B98A82 /* Project object */;
}
